// !$*UTF8*$!
{
	archiveVersion = 1;
	classes = {
	};
	objectVersion = 55;
	objects = {

/* Begin PBXBuildFile section */
		380989E028202181002DAB50 /* WordClockWatch WatchKit App.app in Embed Watch Content */ = {isa = PBXBuildFile; fileRef = 380989DF28202181002DAB50 /* WordClockWatch WatchKit App.app */; settings = {ATTRIBUTES = (RemoveHeadersOnCopy, ); }; };
		380989E528202185002DAB50 /* Assets.xcassets in Resources */ = {isa = PBXBuildFile; fileRef = 380989E428202185002DAB50 /* Assets.xcassets */; };
		380989EB28202185002DAB50 /* WordClockWatch WatchKit Extension.appex in Embed App Extensions */ = {isa = PBXBuildFile; fileRef = 380989EA28202185002DAB50 /* WordClockWatch WatchKit Extension.appex */; settings = {ATTRIBUTES = (RemoveHeadersOnCopy, ); }; };
		380989F028202185002DAB50 /* WordClockApp.swift in Sources */ = {isa = PBXBuildFile; fileRef = 380989EF28202185002DAB50 /* WordClockApp.swift */; };
		380989F228202185002DAB50 /* ContentView.swift in Sources */ = {isa = PBXBuildFile; fileRef = 380989F128202185002DAB50 /* ContentView.swift */; };
		380989F428202185002DAB50 /* NotificationController.swift in Sources */ = {isa = PBXBuildFile; fileRef = 380989F328202185002DAB50 /* NotificationController.swift */; };
		380989F628202185002DAB50 /* NotificationView.swift in Sources */ = {isa = PBXBuildFile; fileRef = 380989F528202185002DAB50 /* NotificationView.swift */; };
		380989F828202185002DAB50 /* ComplicationController.swift in Sources */ = {isa = PBXBuildFile; fileRef = 380989F728202185002DAB50 /* ComplicationController.swift */; };
		380989FA28202187002DAB50 /* Assets.xcassets in Resources */ = {isa = PBXBuildFile; fileRef = 380989F928202187002DAB50 /* Assets.xcassets */; };
		380989FD28202187002DAB50 /* Preview Assets.xcassets in Resources */ = {isa = PBXBuildFile; fileRef = 380989FC28202187002DAB50 /* Preview Assets.xcassets */; };
		38098A0928202187002DAB50 /* WordClockWatchTests.swift in Sources */ = {isa = PBXBuildFile; fileRef = 38098A0828202187002DAB50 /* WordClockWatchTests.swift */; };
		38098A1328202187002DAB50 /* WordClockWatchUITests.swift in Sources */ = {isa = PBXBuildFile; fileRef = 38098A1228202187002DAB50 /* WordClockWatchUITests.swift */; };
		38098A1528202187002DAB50 /* WordClockWatchUITestsLaunchTests.swift in Sources */ = {isa = PBXBuildFile; fileRef = 38098A1428202187002DAB50 /* WordClockWatchUITestsLaunchTests.swift */; };
		3852F4B3281BB6FC00D869FC /* WidgetKit.framework in Frameworks */ = {isa = PBXBuildFile; fileRef = 3852F4B2281BB6FC00D869FC /* WidgetKit.framework */; };
		3852F4B5281BB6FC00D869FC /* SwiftUI.framework in Frameworks */ = {isa = PBXBuildFile; fileRef = 3852F4B4281BB6FC00D869FC /* SwiftUI.framework */; };
		3852F4B8281BB6FD00D869FC /* WordClockWidget.swift in Sources */ = {isa = PBXBuildFile; fileRef = 3852F4B7281BB6FD00D869FC /* WordClockWidget.swift */; };
		3852F4BA281BB70000D869FC /* Assets.xcassets in Resources */ = {isa = PBXBuildFile; fileRef = 3852F4B9281BB70000D869FC /* Assets.xcassets */; };
		3852F4BE281BB70000D869FC /* WordClockWidgetExtension.appex in Embed App Extensions */ = {isa = PBXBuildFile; fileRef = 3852F4B1281BB6FC00D869FC /* WordClockWidgetExtension.appex */; settings = {ATTRIBUTES = (RemoveHeadersOnCopy, ); }; };
		3852F4EE281C25FC00D869FC /* TimeInWordsClipApp.swift in Sources */ = {isa = PBXBuildFile; fileRef = 3852F4ED281C25FC00D869FC /* TimeInWordsClipApp.swift */; };
		3852F4F0281C25FC00D869FC /* TimeInWordsView.swift in Sources */ = {isa = PBXBuildFile; fileRef = 3852F4EF281C25FC00D869FC /* TimeInWordsView.swift */; };
		3852F4F2281C25FF00D869FC /* Assets.xcassets in Resources */ = {isa = PBXBuildFile; fileRef = 3852F4F1281C25FF00D869FC /* Assets.xcassets */; };
		3852F4F5281C25FF00D869FC /* Preview Assets.xcassets in Resources */ = {isa = PBXBuildFile; fileRef = 3852F4F4281C25FF00D869FC /* Preview Assets.xcassets */; };
		3852F501281C260000D869FC /* TimeInWordsClipTests.swift in Sources */ = {isa = PBXBuildFile; fileRef = 3852F500281C260000D869FC /* TimeInWordsClipTests.swift */; };
		3852F50B281C260000D869FC /* TimeInWordsClipUITests.swift in Sources */ = {isa = PBXBuildFile; fileRef = 3852F50A281C260000D869FC /* TimeInWordsClipUITests.swift */; };
		3852F50D281C260000D869FC /* TimeInWordsClipUITestsLaunchTests.swift in Sources */ = {isa = PBXBuildFile; fileRef = 3852F50C281C260000D869FC /* TimeInWordsClipUITestsLaunchTests.swift */; };
		3852F510281C260100D869FC /* TimeInWordsClip.app in Embed App Clips */ = {isa = PBXBuildFile; fileRef = 3852F4EB281C25FC00D869FC /* TimeInWordsClip.app */; settings = {ATTRIBUTES = (RemoveHeadersOnCopy, ); }; };
		3852F51C281C2A1D00D869FC /* TimeInWordsFeature in Frameworks */ = {isa = PBXBuildFile; productRef = 3852F51B281C2A1D00D869FC /* TimeInWordsFeature */; };
		3852F51E281C2A2400D869FC /* ComposableArchitecture in Frameworks */ = {isa = PBXBuildFile; productRef = 3852F51D281C2A2400D869FC /* ComposableArchitecture */; };
		3852F520281C2A2800D869FC /* TimeInWords in Frameworks */ = {isa = PBXBuildFile; productRef = 3852F51F281C2A2800D869FC /* TimeInWords */; };
		38783FD22815E56A0044F7AA /* TimeInWordsFeature_Preview.swift in Sources */ = {isa = PBXBuildFile; fileRef = 38783FD12815E56A0044F7AA /* TimeInWordsFeature_Preview.swift */; };
		38ADDEA02818768E00DD1940 /* TimeInWords in Frameworks */ = {isa = PBXBuildFile; productRef = 38ADDE9F2818768E00DD1940 /* TimeInWords */; };
		38ADDEA92819222300DD1940 /* TimeInWordsFeature in Frameworks */ = {isa = PBXBuildFile; productRef = 38ADDEA82819222300DD1940 /* TimeInWordsFeature */; };
		38ADDEAD2819231F00DD1940 /* AppFeature.swift in Sources */ = {isa = PBXBuildFile; fileRef = 38ADDEAC2819231F00DD1940 /* AppFeature.swift */; };
		38ADDEB02819282100DD1940 /* AppDelegateFeature.swift in Sources */ = {isa = PBXBuildFile; fileRef = 38ADDEAF2819282100DD1940 /* AppDelegateFeature.swift */; };
		38B74025281811860095E534 /* TimeInWordsEnvironment+live.swift in Sources */ = {isa = PBXBuildFile; fileRef = 38B74024281811860095E534 /* TimeInWordsEnvironment+live.swift */; };
		38D67729281A789900BA991E /* Roboto-Bold.ttf in Resources */ = {isa = PBXBuildFile; fileRef = 38D67727281A789800BA991E /* Roboto-Bold.ttf */; };
		38D6772A281A789900BA991E /* Roboto-Regular.ttf in Resources */ = {isa = PBXBuildFile; fileRef = 38D67728281A789900BA991E /* Roboto-Regular.ttf */; };
		38F6FD3928266DCF0096F3F3 /* TimeInWords in Frameworks */ = {isa = PBXBuildFile; productRef = 38F6FD3828266DCF0096F3F3 /* TimeInWords */; };
		38F6FD3B282671270096F3F3 /* TimeInWordsFeature in Frameworks */ = {isa = PBXBuildFile; productRef = 38F6FD3A282671270096F3F3 /* TimeInWordsFeature */; };
		38F6FD3D2826712D0096F3F3 /* ComposableArchitecture in Frameworks */ = {isa = PBXBuildFile; productRef = 38F6FD3C2826712D0096F3F3 /* ComposableArchitecture */; };
		F8B1347B27D74E8600BE6503 /* WordClockApp.swift in Sources */ = {isa = PBXBuildFile; fileRef = F8B1347A27D74E8600BE6503 /* WordClockApp.swift */; };
		F8B1347F27D74E8800BE6503 /* Assets.xcassets in Resources */ = {isa = PBXBuildFile; fileRef = F8B1347E27D74E8800BE6503 /* Assets.xcassets */; };
		F8B1348227D74E8800BE6503 /* Preview Assets.xcassets in Resources */ = {isa = PBXBuildFile; fileRef = F8B1348127D74E8800BE6503 /* Preview Assets.xcassets */; };
		F8B1348C27D74E8900BE6503 /* WordClockTests.swift in Sources */ = {isa = PBXBuildFile; fileRef = F8B1348B27D74E8900BE6503 /* WordClockTests.swift */; };
		F8B1349627D74E8900BE6503 /* WordClockUITests.swift in Sources */ = {isa = PBXBuildFile; fileRef = F8B1349527D74E8900BE6503 /* WordClockUITests.swift */; };
		F8B1349827D74E8900BE6503 /* WordClockUITestsLaunchTests.swift in Sources */ = {isa = PBXBuildFile; fileRef = F8B1349727D74E8900BE6503 /* WordClockUITestsLaunchTests.swift */; };
		F8B134A927D751A900BE6503 /* ComposableArchitecture in Frameworks */ = {isa = PBXBuildFile; productRef = F8B134A827D751A900BE6503 /* ComposableArchitecture */; };
/* End PBXBuildFile section */

/* Begin PBXContainerItemProxy section */
		380989E128202181002DAB50 /* PBXContainerItemProxy */ = {
			isa = PBXContainerItemProxy;
			containerPortal = F8B1346F27D74E8600BE6503 /* Project object */;
			proxyType = 1;
			remoteGlobalIDString = 380989DE28202181002DAB50;
			remoteInfo = "WordClockWatch WatchKit App";
		};
		380989EC28202185002DAB50 /* PBXContainerItemProxy */ = {
			isa = PBXContainerItemProxy;
			containerPortal = F8B1346F27D74E8600BE6503 /* Project object */;
			proxyType = 1;
			remoteGlobalIDString = 380989E928202185002DAB50;
			remoteInfo = "WordClockWatch WatchKit Extension";
		};
		38098A0528202187002DAB50 /* PBXContainerItemProxy */ = {
			isa = PBXContainerItemProxy;
			containerPortal = F8B1346F27D74E8600BE6503 /* Project object */;
			proxyType = 1;
			remoteGlobalIDString = 380989E928202185002DAB50;
			remoteInfo = "WordClockWatch WatchKit Extension";
		};
		38098A0F28202187002DAB50 /* PBXContainerItemProxy */ = {
			isa = PBXContainerItemProxy;
			containerPortal = F8B1346F27D74E8600BE6503 /* Project object */;
			proxyType = 1;
			remoteGlobalIDString = 380989DE28202181002DAB50;
			remoteInfo = "WordClockWatch WatchKit App";
		};
		3852F4BC281BB70000D869FC /* PBXContainerItemProxy */ = {
			isa = PBXContainerItemProxy;
			containerPortal = F8B1346F27D74E8600BE6503 /* Project object */;
			proxyType = 1;
			remoteGlobalIDString = 3852F4B0281BB6FC00D869FC;
			remoteInfo = WordClockWidgetExtension;
		};
		3852F4FD281C260000D869FC /* PBXContainerItemProxy */ = {
			isa = PBXContainerItemProxy;
			containerPortal = F8B1346F27D74E8600BE6503 /* Project object */;
			proxyType = 1;
			remoteGlobalIDString = 3852F4EA281C25FC00D869FC;
			remoteInfo = TimeInWordsClip;
		};
		3852F507281C260000D869FC /* PBXContainerItemProxy */ = {
			isa = PBXContainerItemProxy;
			containerPortal = F8B1346F27D74E8600BE6503 /* Project object */;
			proxyType = 1;
			remoteGlobalIDString = 3852F4EA281C25FC00D869FC;
			remoteInfo = TimeInWordsClip;
		};
		3852F50E281C260100D869FC /* PBXContainerItemProxy */ = {
			isa = PBXContainerItemProxy;
			containerPortal = F8B1346F27D74E8600BE6503 /* Project object */;
			proxyType = 1;
			remoteGlobalIDString = 3852F4EA281C25FC00D869FC;
			remoteInfo = TimeInWordsClip;
		};
		F8B1348827D74E8900BE6503 /* PBXContainerItemProxy */ = {
			isa = PBXContainerItemProxy;
			containerPortal = F8B1346F27D74E8600BE6503 /* Project object */;
			proxyType = 1;
			remoteGlobalIDString = F8B1347627D74E8600BE6503;
			remoteInfo = WordClock;
		};
		F8B1349227D74E8900BE6503 /* PBXContainerItemProxy */ = {
			isa = PBXContainerItemProxy;
			containerPortal = F8B1346F27D74E8600BE6503 /* Project object */;
			proxyType = 1;
			remoteGlobalIDString = F8B1347627D74E8600BE6503;
			remoteInfo = WordClock;
		};
/* End PBXContainerItemProxy section */

/* Begin PBXCopyFilesBuildPhase section */
		38098A1828202187002DAB50 /* Embed Watch Content */ = {
			isa = PBXCopyFilesBuildPhase;
			buildActionMask = 2147483647;
			dstPath = "$(CONTENTS_FOLDER_PATH)/Watch";
			dstSubfolderSpec = 16;
			files = (
				380989E028202181002DAB50 /* WordClockWatch WatchKit App.app in Embed Watch Content */,
			);
			name = "Embed Watch Content";
			runOnlyForDeploymentPostprocessing = 0;
		};
		38098A1B28202187002DAB50 /* Embed App Extensions */ = {
			isa = PBXCopyFilesBuildPhase;
			buildActionMask = 2147483647;
			dstPath = "";
			dstSubfolderSpec = 13;
			files = (
				380989EB28202185002DAB50 /* WordClockWatch WatchKit Extension.appex in Embed App Extensions */,
			);
			name = "Embed App Extensions";
			runOnlyForDeploymentPostprocessing = 0;
		};
		3852F4C2281BB70000D869FC /* Embed App Extensions */ = {
			isa = PBXCopyFilesBuildPhase;
			buildActionMask = 2147483647;
			dstPath = "";
			dstSubfolderSpec = 13;
			files = (
				3852F4BE281BB70000D869FC /* WordClockWidgetExtension.appex in Embed App Extensions */,
			);
			name = "Embed App Extensions";
			runOnlyForDeploymentPostprocessing = 0;
		};
		3852F514281C260100D869FC /* Embed App Clips */ = {
			isa = PBXCopyFilesBuildPhase;
			buildActionMask = 2147483647;
			dstPath = "$(CONTENTS_FOLDER_PATH)/AppClips";
			dstSubfolderSpec = 16;
			files = (
				3852F510281C260100D869FC /* TimeInWordsClip.app in Embed App Clips */,
			);
			name = "Embed App Clips";
			runOnlyForDeploymentPostprocessing = 0;
		};
/* End PBXCopyFilesBuildPhase section */

/* Begin PBXFileReference section */
		380989DC28202181002DAB50 /* WordClockWatch.app */ = {isa = PBXFileReference; explicitFileType = wrapper.application; includeInIndex = 0; path = WordClockWatch.app; sourceTree = BUILT_PRODUCTS_DIR; };
		380989DF28202181002DAB50 /* WordClockWatch WatchKit App.app */ = {isa = PBXFileReference; explicitFileType = wrapper.application; includeInIndex = 0; path = "WordClockWatch WatchKit App.app"; sourceTree = BUILT_PRODUCTS_DIR; };
		380989E428202185002DAB50 /* Assets.xcassets */ = {isa = PBXFileReference; lastKnownFileType = folder.assetcatalog; path = Assets.xcassets; sourceTree = "<group>"; };
		380989EA28202185002DAB50 /* WordClockWatch WatchKit Extension.appex */ = {isa = PBXFileReference; explicitFileType = "wrapper.app-extension"; includeInIndex = 0; path = "WordClockWatch WatchKit Extension.appex"; sourceTree = BUILT_PRODUCTS_DIR; };
		380989EF28202185002DAB50 /* WordClockApp.swift */ = {isa = PBXFileReference; lastKnownFileType = sourcecode.swift; path = WordClockApp.swift; sourceTree = "<group>"; };
		380989F128202185002DAB50 /* ContentView.swift */ = {isa = PBXFileReference; lastKnownFileType = sourcecode.swift; path = ContentView.swift; sourceTree = "<group>"; };
		380989F328202185002DAB50 /* NotificationController.swift */ = {isa = PBXFileReference; lastKnownFileType = sourcecode.swift; path = NotificationController.swift; sourceTree = "<group>"; };
		380989F528202185002DAB50 /* NotificationView.swift */ = {isa = PBXFileReference; lastKnownFileType = sourcecode.swift; path = NotificationView.swift; sourceTree = "<group>"; };
		380989F728202185002DAB50 /* ComplicationController.swift */ = {isa = PBXFileReference; lastKnownFileType = sourcecode.swift; path = ComplicationController.swift; sourceTree = "<group>"; };
		380989F928202187002DAB50 /* Assets.xcassets */ = {isa = PBXFileReference; lastKnownFileType = folder.assetcatalog; path = Assets.xcassets; sourceTree = "<group>"; };
		380989FC28202187002DAB50 /* Preview Assets.xcassets */ = {isa = PBXFileReference; lastKnownFileType = folder.assetcatalog; path = "Preview Assets.xcassets"; sourceTree = "<group>"; };
		380989FE28202187002DAB50 /* Info.plist */ = {isa = PBXFileReference; lastKnownFileType = text.plist.xml; path = Info.plist; sourceTree = "<group>"; };
		380989FF28202187002DAB50 /* PushNotificationPayload.apns */ = {isa = PBXFileReference; lastKnownFileType = text; path = PushNotificationPayload.apns; sourceTree = "<group>"; };
		38098A0428202187002DAB50 /* WordClockWatchTests.xctest */ = {isa = PBXFileReference; explicitFileType = wrapper.cfbundle; includeInIndex = 0; path = WordClockWatchTests.xctest; sourceTree = BUILT_PRODUCTS_DIR; };
		38098A0828202187002DAB50 /* WordClockWatchTests.swift */ = {isa = PBXFileReference; lastKnownFileType = sourcecode.swift; path = WordClockWatchTests.swift; sourceTree = "<group>"; };
		38098A0E28202187002DAB50 /* WordClockWatchUITests.xctest */ = {isa = PBXFileReference; explicitFileType = wrapper.cfbundle; includeInIndex = 0; path = WordClockWatchUITests.xctest; sourceTree = BUILT_PRODUCTS_DIR; };
		38098A1228202187002DAB50 /* WordClockWatchUITests.swift */ = {isa = PBXFileReference; lastKnownFileType = sourcecode.swift; path = WordClockWatchUITests.swift; sourceTree = "<group>"; };
		38098A1428202187002DAB50 /* WordClockWatchUITestsLaunchTests.swift */ = {isa = PBXFileReference; lastKnownFileType = sourcecode.swift; path = WordClockWatchUITestsLaunchTests.swift; sourceTree = "<group>"; };
		3852F4B1281BB6FC00D869FC /* WordClockWidgetExtension.appex */ = {isa = PBXFileReference; explicitFileType = "wrapper.app-extension"; includeInIndex = 0; path = WordClockWidgetExtension.appex; sourceTree = BUILT_PRODUCTS_DIR; };
		3852F4B2281BB6FC00D869FC /* WidgetKit.framework */ = {isa = PBXFileReference; lastKnownFileType = wrapper.framework; name = WidgetKit.framework; path = System/Library/Frameworks/WidgetKit.framework; sourceTree = SDKROOT; };
		3852F4B4281BB6FC00D869FC /* SwiftUI.framework */ = {isa = PBXFileReference; lastKnownFileType = wrapper.framework; name = SwiftUI.framework; path = System/Library/Frameworks/SwiftUI.framework; sourceTree = SDKROOT; };
		3852F4B7281BB6FD00D869FC /* WordClockWidget.swift */ = {isa = PBXFileReference; lastKnownFileType = sourcecode.swift; path = WordClockWidget.swift; sourceTree = "<group>"; };
		3852F4B9281BB70000D869FC /* Assets.xcassets */ = {isa = PBXFileReference; lastKnownFileType = folder.assetcatalog; path = Assets.xcassets; sourceTree = "<group>"; };
		3852F4BB281BB70000D869FC /* Info.plist */ = {isa = PBXFileReference; lastKnownFileType = text.plist.xml; path = Info.plist; sourceTree = "<group>"; };
		3852F4C3281BBB0E00D869FC /* WordClock.entitlements */ = {isa = PBXFileReference; lastKnownFileType = text.plist.entitlements; path = WordClock.entitlements; sourceTree = "<group>"; };
		3852F4EB281C25FC00D869FC /* TimeInWordsClip.app */ = {isa = PBXFileReference; explicitFileType = wrapper.application; includeInIndex = 0; path = TimeInWordsClip.app; sourceTree = BUILT_PRODUCTS_DIR; };
		3852F4ED281C25FC00D869FC /* TimeInWordsClipApp.swift */ = {isa = PBXFileReference; lastKnownFileType = sourcecode.swift; path = TimeInWordsClipApp.swift; sourceTree = "<group>"; };
		3852F4EF281C25FC00D869FC /* TimeInWordsView.swift */ = {isa = PBXFileReference; lastKnownFileType = sourcecode.swift; path = TimeInWordsView.swift; sourceTree = "<group>"; };
		3852F4F1281C25FF00D869FC /* Assets.xcassets */ = {isa = PBXFileReference; lastKnownFileType = folder.assetcatalog; path = Assets.xcassets; sourceTree = "<group>"; };
		3852F4F4281C25FF00D869FC /* Preview Assets.xcassets */ = {isa = PBXFileReference; lastKnownFileType = folder.assetcatalog; path = "Preview Assets.xcassets"; sourceTree = "<group>"; };
		3852F4F6281C260000D869FC /* Info.plist */ = {isa = PBXFileReference; lastKnownFileType = text.plist.xml; path = Info.plist; sourceTree = "<group>"; };
		3852F4F7281C260000D869FC /* TimeInWordsClip.entitlements */ = {isa = PBXFileReference; lastKnownFileType = text.plist.entitlements; path = TimeInWordsClip.entitlements; sourceTree = "<group>"; };
		3852F4FC281C260000D869FC /* TimeInWordsClipTests.xctest */ = {isa = PBXFileReference; explicitFileType = wrapper.cfbundle; includeInIndex = 0; path = TimeInWordsClipTests.xctest; sourceTree = BUILT_PRODUCTS_DIR; };
		3852F500281C260000D869FC /* TimeInWordsClipTests.swift */ = {isa = PBXFileReference; lastKnownFileType = sourcecode.swift; path = TimeInWordsClipTests.swift; sourceTree = "<group>"; };
		3852F506281C260000D869FC /* TimeInWordsClipUITests.xctest */ = {isa = PBXFileReference; explicitFileType = wrapper.cfbundle; includeInIndex = 0; path = TimeInWordsClipUITests.xctest; sourceTree = BUILT_PRODUCTS_DIR; };
		3852F50A281C260000D869FC /* TimeInWordsClipUITests.swift */ = {isa = PBXFileReference; lastKnownFileType = sourcecode.swift; path = TimeInWordsClipUITests.swift; sourceTree = "<group>"; };
		3852F50C281C260000D869FC /* TimeInWordsClipUITestsLaunchTests.swift */ = {isa = PBXFileReference; lastKnownFileType = sourcecode.swift; path = TimeInWordsClipUITestsLaunchTests.swift; sourceTree = "<group>"; };
		38783FD12815E56A0044F7AA /* TimeInWordsFeature_Preview.swift */ = {isa = PBXFileReference; lastKnownFileType = sourcecode.swift; path = TimeInWordsFeature_Preview.swift; sourceTree = "<group>"; };
		38ADDEA72819207100DD1940 /* TimeInWordsFeature */ = {isa = PBXFileReference; lastKnownFileType = wrapper; name = TimeInWordsFeature; path = ../TimeInWordsFeature/TimeInWordsFeature; sourceTree = "<group>"; };
		38ADDEAC2819231F00DD1940 /* AppFeature.swift */ = {isa = PBXFileReference; fileEncoding = 4; lastKnownFileType = sourcecode.swift; path = AppFeature.swift; sourceTree = "<group>"; };
		38ADDEAF2819282100DD1940 /* AppDelegateFeature.swift */ = {isa = PBXFileReference; lastKnownFileType = sourcecode.swift; path = AppDelegateFeature.swift; sourceTree = "<group>"; };
		38B740202816829B0095E534 /* Info.plist */ = {isa = PBXFileReference; lastKnownFileType = text.plist; path = Info.plist; sourceTree = "<group>"; };
		38B74024281811860095E534 /* TimeInWordsEnvironment+live.swift */ = {isa = PBXFileReference; lastKnownFileType = sourcecode.swift; path = "TimeInWordsEnvironment+live.swift"; sourceTree = "<group>"; };
		38D67727281A789800BA991E /* Roboto-Bold.ttf */ = {isa = PBXFileReference; lastKnownFileType = file; path = "Roboto-Bold.ttf"; sourceTree = "<group>"; };
		38D67728281A789900BA991E /* Roboto-Regular.ttf */ = {isa = PBXFileReference; lastKnownFileType = file; path = "Roboto-Regular.ttf"; sourceTree = "<group>"; };
		F8B1347727D74E8600BE6503 /* WordClock.app */ = {isa = PBXFileReference; explicitFileType = wrapper.application; includeInIndex = 0; path = WordClock.app; sourceTree = BUILT_PRODUCTS_DIR; };
		F8B1347A27D74E8600BE6503 /* WordClockApp.swift */ = {isa = PBXFileReference; lastKnownFileType = sourcecode.swift; path = WordClockApp.swift; sourceTree = "<group>"; };
		F8B1347E27D74E8800BE6503 /* Assets.xcassets */ = {isa = PBXFileReference; lastKnownFileType = folder.assetcatalog; path = Assets.xcassets; sourceTree = "<group>"; };
		F8B1348127D74E8800BE6503 /* Preview Assets.xcassets */ = {isa = PBXFileReference; lastKnownFileType = folder.assetcatalog; path = "Preview Assets.xcassets"; sourceTree = "<group>"; };
		F8B1348727D74E8900BE6503 /* WordClockTests.xctest */ = {isa = PBXFileReference; explicitFileType = wrapper.cfbundle; includeInIndex = 0; path = WordClockTests.xctest; sourceTree = BUILT_PRODUCTS_DIR; };
		F8B1348B27D74E8900BE6503 /* WordClockTests.swift */ = {isa = PBXFileReference; lastKnownFileType = sourcecode.swift; path = WordClockTests.swift; sourceTree = "<group>"; };
		F8B1349127D74E8900BE6503 /* WordClockUITests.xctest */ = {isa = PBXFileReference; explicitFileType = wrapper.cfbundle; includeInIndex = 0; path = WordClockUITests.xctest; sourceTree = BUILT_PRODUCTS_DIR; };
		F8B1349527D74E8900BE6503 /* WordClockUITests.swift */ = {isa = PBXFileReference; lastKnownFileType = sourcecode.swift; path = WordClockUITests.swift; sourceTree = "<group>"; };
		F8B1349727D74E8900BE6503 /* WordClockUITestsLaunchTests.swift */ = {isa = PBXFileReference; lastKnownFileType = sourcecode.swift; path = WordClockUITestsLaunchTests.swift; sourceTree = "<group>"; };
/* End PBXFileReference section */

/* Begin PBXFrameworksBuildPhase section */
		380989E728202185002DAB50 /* Frameworks */ = {
			isa = PBXFrameworksBuildPhase;
			buildActionMask = 2147483647;
			files = (
			);
			runOnlyForDeploymentPostprocessing = 0;
		};
		38098A0128202187002DAB50 /* Frameworks */ = {
			isa = PBXFrameworksBuildPhase;
			buildActionMask = 2147483647;
			files = (
			);
			runOnlyForDeploymentPostprocessing = 0;
		};
		38098A0B28202187002DAB50 /* Frameworks */ = {
			isa = PBXFrameworksBuildPhase;
			buildActionMask = 2147483647;
			files = (
			);
			runOnlyForDeploymentPostprocessing = 0;
		};
		3852F4AE281BB6FC00D869FC /* Frameworks */ = {
			isa = PBXFrameworksBuildPhase;
			buildActionMask = 2147483647;
			files = (
				38F6FD3D2826712D0096F3F3 /* ComposableArchitecture in Frameworks */,
				3852F4B5281BB6FC00D869FC /* SwiftUI.framework in Frameworks */,
				38F6FD3928266DCF0096F3F3 /* TimeInWords in Frameworks */,
				3852F4B3281BB6FC00D869FC /* WidgetKit.framework in Frameworks */,
				38F6FD3B282671270096F3F3 /* TimeInWordsFeature in Frameworks */,
			);
			runOnlyForDeploymentPostprocessing = 0;
		};
		3852F4E8281C25FC00D869FC /* Frameworks */ = {
			isa = PBXFrameworksBuildPhase;
			buildActionMask = 2147483647;
			files = (
				3852F51E281C2A2400D869FC /* ComposableArchitecture in Frameworks */,
				3852F520281C2A2800D869FC /* TimeInWords in Frameworks */,
				3852F51C281C2A1D00D869FC /* TimeInWordsFeature in Frameworks */,
			);
			runOnlyForDeploymentPostprocessing = 0;
		};
		3852F4F9281C260000D869FC /* Frameworks */ = {
			isa = PBXFrameworksBuildPhase;
			buildActionMask = 2147483647;
			files = (
			);
			runOnlyForDeploymentPostprocessing = 0;
		};
		3852F503281C260000D869FC /* Frameworks */ = {
			isa = PBXFrameworksBuildPhase;
			buildActionMask = 2147483647;
			files = (
			);
			runOnlyForDeploymentPostprocessing = 0;
		};
		F8B1347427D74E8600BE6503 /* Frameworks */ = {
			isa = PBXFrameworksBuildPhase;
			buildActionMask = 2147483647;
			files = (
				38ADDEA92819222300DD1940 /* TimeInWordsFeature in Frameworks */,
				F8B134A927D751A900BE6503 /* ComposableArchitecture in Frameworks */,
				38ADDEA02818768E00DD1940 /* TimeInWords in Frameworks */,
			);
			runOnlyForDeploymentPostprocessing = 0;
		};
		F8B1348427D74E8900BE6503 /* Frameworks */ = {
			isa = PBXFrameworksBuildPhase;
			buildActionMask = 2147483647;
			files = (
			);
			runOnlyForDeploymentPostprocessing = 0;
		};
		F8B1348E27D74E8900BE6503 /* Frameworks */ = {
			isa = PBXFrameworksBuildPhase;
			buildActionMask = 2147483647;
			files = (
			);
			runOnlyForDeploymentPostprocessing = 0;
		};
/* End PBXFrameworksBuildPhase section */

/* Begin PBXGroup section */
		380989E328202181002DAB50 /* WordClockWatch WatchKit App */ = {
			isa = PBXGroup;
			children = (
				380989E428202185002DAB50 /* Assets.xcassets */,
			);
			path = "WordClockWatch WatchKit App";
			sourceTree = "<group>";
		};
		380989EE28202185002DAB50 /* WordClockWatch WatchKit Extension */ = {
			isa = PBXGroup;
			children = (
				380989EF28202185002DAB50 /* WordClockApp.swift */,
				380989F128202185002DAB50 /* ContentView.swift */,
				380989F328202185002DAB50 /* NotificationController.swift */,
				380989F528202185002DAB50 /* NotificationView.swift */,
				380989F728202185002DAB50 /* ComplicationController.swift */,
				380989F928202187002DAB50 /* Assets.xcassets */,
				380989FE28202187002DAB50 /* Info.plist */,
				380989FF28202187002DAB50 /* PushNotificationPayload.apns */,
				380989FB28202187002DAB50 /* Preview Content */,
			);
			path = "WordClockWatch WatchKit Extension";
			sourceTree = "<group>";
		};
		380989FB28202187002DAB50 /* Preview Content */ = {
			isa = PBXGroup;
			children = (
				380989FC28202187002DAB50 /* Preview Assets.xcassets */,
			);
			path = "Preview Content";
			sourceTree = "<group>";
		};
		38098A0728202187002DAB50 /* WordClockWatchTests */ = {
			isa = PBXGroup;
			children = (
				38098A0828202187002DAB50 /* WordClockWatchTests.swift */,
			);
			path = WordClockWatchTests;
			sourceTree = "<group>";
		};
		38098A1128202187002DAB50 /* WordClockWatchUITests */ = {
			isa = PBXGroup;
			children = (
				38098A1228202187002DAB50 /* WordClockWatchUITests.swift */,
				38098A1428202187002DAB50 /* WordClockWatchUITestsLaunchTests.swift */,
			);
			path = WordClockWatchUITests;
			sourceTree = "<group>";
		};
		3852F4B6281BB6FC00D869FC /* WordClockWidget */ = {
			isa = PBXGroup;
			children = (
				3852F4B7281BB6FD00D869FC /* WordClockWidget.swift */,
				3852F4B9281BB70000D869FC /* Assets.xcassets */,
				3852F4BB281BB70000D869FC /* Info.plist */,
			);
			path = WordClockWidget;
			sourceTree = "<group>";
		};
		3852F4EC281C25FC00D869FC /* TimeInWordsClip */ = {
			isa = PBXGroup;
			children = (
				3852F4ED281C25FC00D869FC /* TimeInWordsClipApp.swift */,
				3852F4EF281C25FC00D869FC /* TimeInWordsView.swift */,
				3852F4F1281C25FF00D869FC /* Assets.xcassets */,
				3852F4F6281C260000D869FC /* Info.plist */,
				3852F4F7281C260000D869FC /* TimeInWordsClip.entitlements */,
				3852F4F3281C25FF00D869FC /* Preview Content */,
			);
			path = TimeInWordsClip;
			sourceTree = "<group>";
		};
		3852F4F3281C25FF00D869FC /* Preview Content */ = {
			isa = PBXGroup;
			children = (
				3852F4F4281C25FF00D869FC /* Preview Assets.xcassets */,
			);
			path = "Preview Content";
			sourceTree = "<group>";
		};
		3852F4FF281C260000D869FC /* TimeInWordsClipTests */ = {
			isa = PBXGroup;
			children = (
				3852F500281C260000D869FC /* TimeInWordsClipTests.swift */,
			);
			path = TimeInWordsClipTests;
			sourceTree = "<group>";
		};
		3852F509281C260000D869FC /* TimeInWordsClipUITests */ = {
			isa = PBXGroup;
			children = (
				3852F50A281C260000D869FC /* TimeInWordsClipUITests.swift */,
				3852F50C281C260000D869FC /* TimeInWordsClipUITestsLaunchTests.swift */,
			);
			path = TimeInWordsClipUITests;
			sourceTree = "<group>";
		};
		38783FC0281589260044F7AA /* Frameworks */ = {
			isa = PBXGroup;
			children = (
				3852F4B2281BB6FC00D869FC /* WidgetKit.framework */,
				3852F4B4281BB6FC00D869FC /* SwiftUI.framework */,
			);
			name = Frameworks;
			sourceTree = "<group>";
		};
		38ADDEAB2819231F00DD1940 /* AppFeature */ = {
			isa = PBXGroup;
			children = (
				38ADDEAC2819231F00DD1940 /* AppFeature.swift */,
			);
			path = AppFeature;
			sourceTree = "<group>";
		};
		38ADDEAE2819280E00DD1940 /* AppDelegateFeature */ = {
			isa = PBXGroup;
			children = (
				38ADDEAF2819282100DD1940 /* AppDelegateFeature.swift */,
			);
			path = AppDelegateFeature;
			sourceTree = "<group>";
		};
		38B74017281682450095E534 /* fonts */ = {
			isa = PBXGroup;
			children = (
				38D67727281A789800BA991E /* Roboto-Bold.ttf */,
				38D67728281A789900BA991E /* Roboto-Regular.ttf */,
			);
			path = fonts;
			sourceTree = "<group>";
		};
		F8B1346E27D74E8600BE6503 = {
			isa = PBXGroup;
			children = (
				38ADDEA72819207100DD1940 /* TimeInWordsFeature */,
				F8B1347927D74E8600BE6503 /* WordClock */,
				F8B1348A27D74E8900BE6503 /* WordClockTests */,
				F8B1349427D74E8900BE6503 /* WordClockUITests */,
				3852F4B6281BB6FC00D869FC /* WordClockWidget */,
				3852F4EC281C25FC00D869FC /* TimeInWordsClip */,
				3852F4FF281C260000D869FC /* TimeInWordsClipTests */,
				3852F509281C260000D869FC /* TimeInWordsClipUITests */,
				380989E328202181002DAB50 /* WordClockWatch WatchKit App */,
				380989EE28202185002DAB50 /* WordClockWatch WatchKit Extension */,
				38098A0728202187002DAB50 /* WordClockWatchTests */,
				38098A1128202187002DAB50 /* WordClockWatchUITests */,
				F8B1347827D74E8600BE6503 /* Products */,
				38783FC0281589260044F7AA /* Frameworks */,
			);
			sourceTree = "<group>";
		};
		F8B1347827D74E8600BE6503 /* Products */ = {
			isa = PBXGroup;
			children = (
				F8B1347727D74E8600BE6503 /* WordClock.app */,
				F8B1348727D74E8900BE6503 /* WordClockTests.xctest */,
				F8B1349127D74E8900BE6503 /* WordClockUITests.xctest */,
				3852F4B1281BB6FC00D869FC /* WordClockWidgetExtension.appex */,
				3852F4EB281C25FC00D869FC /* TimeInWordsClip.app */,
				3852F4FC281C260000D869FC /* TimeInWordsClipTests.xctest */,
				3852F506281C260000D869FC /* TimeInWordsClipUITests.xctest */,
				380989DC28202181002DAB50 /* WordClockWatch.app */,
				380989DF28202181002DAB50 /* WordClockWatch WatchKit App.app */,
				380989EA28202185002DAB50 /* WordClockWatch WatchKit Extension.appex */,
				38098A0428202187002DAB50 /* WordClockWatchTests.xctest */,
				38098A0E28202187002DAB50 /* WordClockWatchUITests.xctest */,
			);
			name = Products;
			sourceTree = "<group>";
		};
		F8B1347927D74E8600BE6503 /* WordClock */ = {
			isa = PBXGroup;
			children = (
				3852F4C3281BBB0E00D869FC /* WordClock.entitlements */,
				38ADDEAE2819280E00DD1940 /* AppDelegateFeature */,
				38ADDEAB2819231F00DD1940 /* AppFeature */,
				38B740202816829B0095E534 /* Info.plist */,
				F8B1347A27D74E8600BE6503 /* WordClockApp.swift */,
				38B74024281811860095E534 /* TimeInWordsEnvironment+live.swift */,
				F8B1347E27D74E8800BE6503 /* Assets.xcassets */,
				38B74017281682450095E534 /* fonts */,
				F8B1348027D74E8800BE6503 /* Preview Content */,
			);
			path = WordClock;
			sourceTree = "<group>";
		};
		F8B1348027D74E8800BE6503 /* Preview Content */ = {
			isa = PBXGroup;
			children = (
				F8B1348127D74E8800BE6503 /* Preview Assets.xcassets */,
				38783FD12815E56A0044F7AA /* TimeInWordsFeature_Preview.swift */,
			);
			path = "Preview Content";
			sourceTree = "<group>";
		};
		F8B1348A27D74E8900BE6503 /* WordClockTests */ = {
			isa = PBXGroup;
			children = (
				F8B1348B27D74E8900BE6503 /* WordClockTests.swift */,
			);
			path = WordClockTests;
			sourceTree = "<group>";
		};
		F8B1349427D74E8900BE6503 /* WordClockUITests */ = {
			isa = PBXGroup;
			children = (
				F8B1349527D74E8900BE6503 /* WordClockUITests.swift */,
				F8B1349727D74E8900BE6503 /* WordClockUITestsLaunchTests.swift */,
			);
			path = WordClockUITests;
			sourceTree = "<group>";
		};
/* End PBXGroup section */

/* Begin PBXNativeTarget section */
		380989DB28202181002DAB50 /* WordClockWatch */ = {
			isa = PBXNativeTarget;
			buildConfigurationList = 38098A2428202187002DAB50 /* Build configuration list for PBXNativeTarget "WordClockWatch" */;
			buildPhases = (
				380989DA28202181002DAB50 /* Resources */,
				38098A1828202187002DAB50 /* Embed Watch Content */,
			);
			buildRules = (
			);
			dependencies = (
				380989E228202181002DAB50 /* PBXTargetDependency */,
			);
			name = WordClockWatch;
			productName = WordClockWatch;
			productReference = 380989DC28202181002DAB50 /* WordClockWatch.app */;
			productType = "com.apple.product-type.application.watchapp2-container";
		};
		380989DE28202181002DAB50 /* WordClockWatch WatchKit App */ = {
			isa = PBXNativeTarget;
			buildConfigurationList = 38098A2328202187002DAB50 /* Build configuration list for PBXNativeTarget "WordClockWatch WatchKit App" */;
			buildPhases = (
				380989DD28202181002DAB50 /* Resources */,
				38098A1B28202187002DAB50 /* Embed App Extensions */,
			);
			buildRules = (
			);
			dependencies = (
				380989ED28202185002DAB50 /* PBXTargetDependency */,
			);
			name = "WordClockWatch WatchKit App";
			productName = "WordClockWatch WatchKit App";
			productReference = 380989DF28202181002DAB50 /* WordClockWatch WatchKit App.app */;
			productType = "com.apple.product-type.application.watchapp2";
		};
		380989E928202185002DAB50 /* WordClockWatch WatchKit Extension */ = {
			isa = PBXNativeTarget;
			buildConfigurationList = 38098A2228202187002DAB50 /* Build configuration list for PBXNativeTarget "WordClockWatch WatchKit Extension" */;
			buildPhases = (
				380989E628202185002DAB50 /* Sources */,
				380989E728202185002DAB50 /* Frameworks */,
				380989E828202185002DAB50 /* Resources */,
			);
			buildRules = (
			);
			dependencies = (
			);
			name = "WordClockWatch WatchKit Extension";
			productName = "WordClockWatch WatchKit Extension";
			productReference = 380989EA28202185002DAB50 /* WordClockWatch WatchKit Extension.appex */;
			productType = "com.apple.product-type.watchkit2-extension";
		};
		38098A0328202187002DAB50 /* WordClockWatchTests */ = {
			isa = PBXNativeTarget;
			buildConfigurationList = 38098A2528202187002DAB50 /* Build configuration list for PBXNativeTarget "WordClockWatchTests" */;
			buildPhases = (
				38098A0028202187002DAB50 /* Sources */,
				38098A0128202187002DAB50 /* Frameworks */,
				38098A0228202187002DAB50 /* Resources */,
			);
			buildRules = (
			);
			dependencies = (
				38098A0628202187002DAB50 /* PBXTargetDependency */,
			);
			name = WordClockWatchTests;
			productName = WordClockWatchTests;
			productReference = 38098A0428202187002DAB50 /* WordClockWatchTests.xctest */;
			productType = "com.apple.product-type.bundle.unit-test";
		};
		38098A0D28202187002DAB50 /* WordClockWatchUITests */ = {
			isa = PBXNativeTarget;
			buildConfigurationList = 38098A2628202187002DAB50 /* Build configuration list for PBXNativeTarget "WordClockWatchUITests" */;
			buildPhases = (
				38098A0A28202187002DAB50 /* Sources */,
				38098A0B28202187002DAB50 /* Frameworks */,
				38098A0C28202187002DAB50 /* Resources */,
			);
			buildRules = (
			);
			dependencies = (
				38098A1028202187002DAB50 /* PBXTargetDependency */,
			);
			name = WordClockWatchUITests;
			productName = WordClockWatchUITests;
			productReference = 38098A0E28202187002DAB50 /* WordClockWatchUITests.xctest */;
			productType = "com.apple.product-type.bundle.ui-testing";
		};
		3852F4B0281BB6FC00D869FC /* WordClockWidgetExtension */ = {
			isa = PBXNativeTarget;
			buildConfigurationList = 3852F4BF281BB70000D869FC /* Build configuration list for PBXNativeTarget "WordClockWidgetExtension" */;
			buildPhases = (
				3852F4AD281BB6FC00D869FC /* Sources */,
				3852F4AE281BB6FC00D869FC /* Frameworks */,
				3852F4AF281BB6FC00D869FC /* Resources */,
			);
			buildRules = (
			);
			dependencies = (
				38F6FD3728266BF10096F3F3 /* PBXTargetDependency */,
				38F6FD3528266BEC0096F3F3 /* PBXTargetDependency */,
				38F6FD3328266BE60096F3F3 /* PBXTargetDependency */,
			);
			name = WordClockWidgetExtension;
			packageProductDependencies = (
				38F6FD3828266DCF0096F3F3 /* TimeInWords */,
				38F6FD3A282671270096F3F3 /* TimeInWordsFeature */,
				38F6FD3C2826712D0096F3F3 /* ComposableArchitecture */,
			);
			productName = WordClockWidgetExtension;
			productReference = 3852F4B1281BB6FC00D869FC /* WordClockWidgetExtension.appex */;
			productType = "com.apple.product-type.app-extension";
		};
		3852F4EA281C25FC00D869FC /* TimeInWordsClip */ = {
			isa = PBXNativeTarget;
			buildConfigurationList = 3852F511281C260100D869FC /* Build configuration list for PBXNativeTarget "TimeInWordsClip" */;
			buildPhases = (
				3852F4E7281C25FC00D869FC /* Sources */,
				3852F4E8281C25FC00D869FC /* Frameworks */,
				3852F4E9281C25FC00D869FC /* Resources */,
			);
			buildRules = (
			);
			dependencies = (
			);
			name = TimeInWordsClip;
			packageProductDependencies = (
				3852F51B281C2A1D00D869FC /* TimeInWordsFeature */,
				3852F51D281C2A2400D869FC /* ComposableArchitecture */,
				3852F51F281C2A2800D869FC /* TimeInWords */,
			);
			productName = TimeInWordsClip;
			productReference = 3852F4EB281C25FC00D869FC /* TimeInWordsClip.app */;
			productType = "com.apple.product-type.application.on-demand-install-capable";
		};
		3852F4FB281C260000D869FC /* TimeInWordsClipTests */ = {
			isa = PBXNativeTarget;
			buildConfigurationList = 3852F515281C260100D869FC /* Build configuration list for PBXNativeTarget "TimeInWordsClipTests" */;
			buildPhases = (
				3852F4F8281C260000D869FC /* Sources */,
				3852F4F9281C260000D869FC /* Frameworks */,
				3852F4FA281C260000D869FC /* Resources */,
			);
			buildRules = (
			);
			dependencies = (
				3852F4FE281C260000D869FC /* PBXTargetDependency */,
			);
			name = TimeInWordsClipTests;
			productName = TimeInWordsClipTests;
			productReference = 3852F4FC281C260000D869FC /* TimeInWordsClipTests.xctest */;
			productType = "com.apple.product-type.bundle.unit-test";
		};
		3852F505281C260000D869FC /* TimeInWordsClipUITests */ = {
			isa = PBXNativeTarget;
			buildConfigurationList = 3852F518281C260100D869FC /* Build configuration list for PBXNativeTarget "TimeInWordsClipUITests" */;
			buildPhases = (
				3852F502281C260000D869FC /* Sources */,
				3852F503281C260000D869FC /* Frameworks */,
				3852F504281C260000D869FC /* Resources */,
			);
			buildRules = (
			);
			dependencies = (
				3852F508281C260000D869FC /* PBXTargetDependency */,
			);
			name = TimeInWordsClipUITests;
			productName = TimeInWordsClipUITests;
			productReference = 3852F506281C260000D869FC /* TimeInWordsClipUITests.xctest */;
			productType = "com.apple.product-type.bundle.ui-testing";
		};
		F8B1347627D74E8600BE6503 /* WordClock */ = {
			isa = PBXNativeTarget;
			buildConfigurationList = F8B1349B27D74E8900BE6503 /* Build configuration list for PBXNativeTarget "WordClock" */;
			buildPhases = (
				F8B1347327D74E8600BE6503 /* Sources */,
				F8B1347427D74E8600BE6503 /* Frameworks */,
				F8B1347527D74E8600BE6503 /* Resources */,
				3852F4C2281BB70000D869FC /* Embed App Extensions */,
				3852F514281C260100D869FC /* Embed App Clips */,
			);
			buildRules = (
			);
			dependencies = (
				3852F4BD281BB70000D869FC /* PBXTargetDependency */,
				3852F50F281C260100D869FC /* PBXTargetDependency */,
			);
			name = WordClock;
			packageProductDependencies = (
				F8B134A827D751A900BE6503 /* ComposableArchitecture */,
				38ADDE9F2818768E00DD1940 /* TimeInWords */,
				38ADDEA82819222300DD1940 /* TimeInWordsFeature */,
			);
			productName = WordClock;
			productReference = F8B1347727D74E8600BE6503 /* WordClock.app */;
			productType = "com.apple.product-type.application";
		};
		F8B1348627D74E8900BE6503 /* WordClockTests */ = {
			isa = PBXNativeTarget;
			buildConfigurationList = F8B1349E27D74E8900BE6503 /* Build configuration list for PBXNativeTarget "WordClockTests" */;
			buildPhases = (
				F8B1348327D74E8900BE6503 /* Sources */,
				F8B1348427D74E8900BE6503 /* Frameworks */,
				F8B1348527D74E8900BE6503 /* Resources */,
			);
			buildRules = (
			);
			dependencies = (
				F8B1348927D74E8900BE6503 /* PBXTargetDependency */,
			);
			name = WordClockTests;
			productName = WordClockTests;
			productReference = F8B1348727D74E8900BE6503 /* WordClockTests.xctest */;
			productType = "com.apple.product-type.bundle.unit-test";
		};
		F8B1349027D74E8900BE6503 /* WordClockUITests */ = {
			isa = PBXNativeTarget;
			buildConfigurationList = F8B134A127D74E8900BE6503 /* Build configuration list for PBXNativeTarget "WordClockUITests" */;
			buildPhases = (
				F8B1348D27D74E8900BE6503 /* Sources */,
				F8B1348E27D74E8900BE6503 /* Frameworks */,
				F8B1348F27D74E8900BE6503 /* Resources */,
			);
			buildRules = (
			);
			dependencies = (
				F8B1349327D74E8900BE6503 /* PBXTargetDependency */,
			);
			name = WordClockUITests;
			productName = WordClockUITests;
			productReference = F8B1349127D74E8900BE6503 /* WordClockUITests.xctest */;
			productType = "com.apple.product-type.bundle.ui-testing";
		};
/* End PBXNativeTarget section */

/* Begin PBXProject section */
		F8B1346F27D74E8600BE6503 /* Project object */ = {
			isa = PBXProject;
			attributes = {
				BuildIndependentTargetsInParallel = 1;
				LastSwiftUpdateCheck = 1320;
				LastUpgradeCheck = 1320;
				TargetAttributes = {
					380989DB28202181002DAB50 = {
						CreatedOnToolsVersion = 13.2;
					};
					380989DE28202181002DAB50 = {
						CreatedOnToolsVersion = 13.2;
					};
					380989E928202185002DAB50 = {
						CreatedOnToolsVersion = 13.2;
					};
					38098A0328202187002DAB50 = {
						CreatedOnToolsVersion = 13.2;
						TestTargetID = 380989E928202185002DAB50;
					};
					38098A0D28202187002DAB50 = {
						CreatedOnToolsVersion = 13.2;
						TestTargetID = 380989DE28202181002DAB50;
					};
					3852F4B0281BB6FC00D869FC = {
						CreatedOnToolsVersion = 13.2;
					};
					3852F4EA281C25FC00D869FC = {
						CreatedOnToolsVersion = 13.2;
					};
					3852F4FB281C260000D869FC = {
						CreatedOnToolsVersion = 13.2;
						TestTargetID = 3852F4EA281C25FC00D869FC;
					};
					3852F505281C260000D869FC = {
						CreatedOnToolsVersion = 13.2;
						TestTargetID = 3852F4EA281C25FC00D869FC;
					};
					F8B1347627D74E8600BE6503 = {
						CreatedOnToolsVersion = 13.2.1;
					};
					F8B1348627D74E8900BE6503 = {
						CreatedOnToolsVersion = 13.2.1;
						TestTargetID = F8B1347627D74E8600BE6503;
					};
					F8B1349027D74E8900BE6503 = {
						CreatedOnToolsVersion = 13.2.1;
						TestTargetID = F8B1347627D74E8600BE6503;
					};
				};
			};
			buildConfigurationList = F8B1347227D74E8600BE6503 /* Build configuration list for PBXProject "WordClock" */;
			compatibilityVersion = "Xcode 13.0";
			developmentRegion = en;
			hasScannedForEncodings = 0;
			knownRegions = (
				en,
				Base,
			);
			mainGroup = F8B1346E27D74E8600BE6503;
			packageReferences = (
				F8B134A727D751A900BE6503 /* XCRemoteSwiftPackageReference "swift-composable-architecture" */,
				38ADDE9E2818768E00DD1940 /* XCRemoteSwiftPackageReference "TimeInWords" */,
			);
			productRefGroup = F8B1347827D74E8600BE6503 /* Products */;
			projectDirPath = "";
			projectRoot = "";
			targets = (
				F8B1347627D74E8600BE6503 /* WordClock */,
				F8B1348627D74E8900BE6503 /* WordClockTests */,
				F8B1349027D74E8900BE6503 /* WordClockUITests */,
				3852F4B0281BB6FC00D869FC /* WordClockWidgetExtension */,
				3852F4EA281C25FC00D869FC /* TimeInWordsClip */,
				3852F4FB281C260000D869FC /* TimeInWordsClipTests */,
				3852F505281C260000D869FC /* TimeInWordsClipUITests */,
				380989DB28202181002DAB50 /* WordClockWatch */,
				380989DE28202181002DAB50 /* WordClockWatch WatchKit App */,
				380989E928202185002DAB50 /* WordClockWatch WatchKit Extension */,
				38098A0328202187002DAB50 /* WordClockWatchTests */,
				38098A0D28202187002DAB50 /* WordClockWatchUITests */,
			);
		};
/* End PBXProject section */

/* Begin PBXResourcesBuildPhase section */
		380989DA28202181002DAB50 /* Resources */ = {
			isa = PBXResourcesBuildPhase;
			buildActionMask = 2147483647;
			files = (
			);
			runOnlyForDeploymentPostprocessing = 0;
		};
		380989DD28202181002DAB50 /* Resources */ = {
			isa = PBXResourcesBuildPhase;
			buildActionMask = 2147483647;
			files = (
				380989E528202185002DAB50 /* Assets.xcassets in Resources */,
			);
			runOnlyForDeploymentPostprocessing = 0;
		};
		380989E828202185002DAB50 /* Resources */ = {
			isa = PBXResourcesBuildPhase;
			buildActionMask = 2147483647;
			files = (
				380989FD28202187002DAB50 /* Preview Assets.xcassets in Resources */,
				380989FA28202187002DAB50 /* Assets.xcassets in Resources */,
			);
			runOnlyForDeploymentPostprocessing = 0;
		};
		38098A0228202187002DAB50 /* Resources */ = {
			isa = PBXResourcesBuildPhase;
			buildActionMask = 2147483647;
			files = (
			);
			runOnlyForDeploymentPostprocessing = 0;
		};
		38098A0C28202187002DAB50 /* Resources */ = {
			isa = PBXResourcesBuildPhase;
			buildActionMask = 2147483647;
			files = (
			);
			runOnlyForDeploymentPostprocessing = 0;
		};
		3852F4AF281BB6FC00D869FC /* Resources */ = {
			isa = PBXResourcesBuildPhase;
			buildActionMask = 2147483647;
			files = (
				3852F4BA281BB70000D869FC /* Assets.xcassets in Resources */,
			);
			runOnlyForDeploymentPostprocessing = 0;
		};
		3852F4E9281C25FC00D869FC /* Resources */ = {
			isa = PBXResourcesBuildPhase;
			buildActionMask = 2147483647;
			files = (
				3852F4F5281C25FF00D869FC /* Preview Assets.xcassets in Resources */,
				3852F4F2281C25FF00D869FC /* Assets.xcassets in Resources */,
			);
			runOnlyForDeploymentPostprocessing = 0;
		};
		3852F4FA281C260000D869FC /* Resources */ = {
			isa = PBXResourcesBuildPhase;
			buildActionMask = 2147483647;
			files = (
			);
			runOnlyForDeploymentPostprocessing = 0;
		};
		3852F504281C260000D869FC /* Resources */ = {
			isa = PBXResourcesBuildPhase;
			buildActionMask = 2147483647;
			files = (
			);
			runOnlyForDeploymentPostprocessing = 0;
		};
		F8B1347527D74E8600BE6503 /* Resources */ = {
			isa = PBXResourcesBuildPhase;
			buildActionMask = 2147483647;
			files = (
				38D6772A281A789900BA991E /* Roboto-Regular.ttf in Resources */,
				F8B1348227D74E8800BE6503 /* Preview Assets.xcassets in Resources */,
				38D67729281A789900BA991E /* Roboto-Bold.ttf in Resources */,
				F8B1347F27D74E8800BE6503 /* Assets.xcassets in Resources */,
			);
			runOnlyForDeploymentPostprocessing = 0;
		};
		F8B1348527D74E8900BE6503 /* Resources */ = {
			isa = PBXResourcesBuildPhase;
			buildActionMask = 2147483647;
			files = (
			);
			runOnlyForDeploymentPostprocessing = 0;
		};
		F8B1348F27D74E8900BE6503 /* Resources */ = {
			isa = PBXResourcesBuildPhase;
			buildActionMask = 2147483647;
			files = (
			);
			runOnlyForDeploymentPostprocessing = 0;
		};
/* End PBXResourcesBuildPhase section */

/* Begin PBXSourcesBuildPhase section */
		380989E628202185002DAB50 /* Sources */ = {
			isa = PBXSourcesBuildPhase;
			buildActionMask = 2147483647;
			files = (
				380989F428202185002DAB50 /* NotificationController.swift in Sources */,
				380989F228202185002DAB50 /* ContentView.swift in Sources */,
				380989F828202185002DAB50 /* ComplicationController.swift in Sources */,
				380989F028202185002DAB50 /* WordClockApp.swift in Sources */,
				380989F628202185002DAB50 /* NotificationView.swift in Sources */,
			);
			runOnlyForDeploymentPostprocessing = 0;
		};
		38098A0028202187002DAB50 /* Sources */ = {
			isa = PBXSourcesBuildPhase;
			buildActionMask = 2147483647;
			files = (
				38098A0928202187002DAB50 /* WordClockWatchTests.swift in Sources */,
			);
			runOnlyForDeploymentPostprocessing = 0;
		};
		38098A0A28202187002DAB50 /* Sources */ = {
			isa = PBXSourcesBuildPhase;
			buildActionMask = 2147483647;
			files = (
				38098A1328202187002DAB50 /* WordClockWatchUITests.swift in Sources */,
				38098A1528202187002DAB50 /* WordClockWatchUITestsLaunchTests.swift in Sources */,
			);
			runOnlyForDeploymentPostprocessing = 0;
		};
		3852F4AD281BB6FC00D869FC /* Sources */ = {
			isa = PBXSourcesBuildPhase;
			buildActionMask = 2147483647;
			files = (
				3852F4B8281BB6FD00D869FC /* WordClockWidget.swift in Sources */,
			);
			runOnlyForDeploymentPostprocessing = 0;
		};
		3852F4E7281C25FC00D869FC /* Sources */ = {
			isa = PBXSourcesBuildPhase;
			buildActionMask = 2147483647;
			files = (
				3852F4F0281C25FC00D869FC /* TimeInWordsView.swift in Sources */,
				3852F4EE281C25FC00D869FC /* TimeInWordsClipApp.swift in Sources */,
			);
			runOnlyForDeploymentPostprocessing = 0;
		};
		3852F4F8281C260000D869FC /* Sources */ = {
			isa = PBXSourcesBuildPhase;
			buildActionMask = 2147483647;
			files = (
				3852F501281C260000D869FC /* TimeInWordsClipTests.swift in Sources */,
			);
			runOnlyForDeploymentPostprocessing = 0;
		};
		3852F502281C260000D869FC /* Sources */ = {
			isa = PBXSourcesBuildPhase;
			buildActionMask = 2147483647;
			files = (
				3852F50D281C260000D869FC /* TimeInWordsClipUITestsLaunchTests.swift in Sources */,
				3852F50B281C260000D869FC /* TimeInWordsClipUITests.swift in Sources */,
			);
			runOnlyForDeploymentPostprocessing = 0;
		};
		F8B1347327D74E8600BE6503 /* Sources */ = {
			isa = PBXSourcesBuildPhase;
			buildActionMask = 2147483647;
			files = (
				38ADDEAD2819231F00DD1940 /* AppFeature.swift in Sources */,
				38B74025281811860095E534 /* TimeInWordsEnvironment+live.swift in Sources */,
				F8B1347B27D74E8600BE6503 /* WordClockApp.swift in Sources */,
				38783FD22815E56A0044F7AA /* TimeInWordsFeature_Preview.swift in Sources */,
				38ADDEB02819282100DD1940 /* AppDelegateFeature.swift in Sources */,
			);
			runOnlyForDeploymentPostprocessing = 0;
		};
		F8B1348327D74E8900BE6503 /* Sources */ = {
			isa = PBXSourcesBuildPhase;
			buildActionMask = 2147483647;
			files = (
				F8B1348C27D74E8900BE6503 /* WordClockTests.swift in Sources */,
			);
			runOnlyForDeploymentPostprocessing = 0;
		};
		F8B1348D27D74E8900BE6503 /* Sources */ = {
			isa = PBXSourcesBuildPhase;
			buildActionMask = 2147483647;
			files = (
				F8B1349627D74E8900BE6503 /* WordClockUITests.swift in Sources */,
				F8B1349827D74E8900BE6503 /* WordClockUITestsLaunchTests.swift in Sources */,
			);
			runOnlyForDeploymentPostprocessing = 0;
		};
/* End PBXSourcesBuildPhase section */

/* Begin PBXTargetDependency section */
		380989E228202181002DAB50 /* PBXTargetDependency */ = {
			isa = PBXTargetDependency;
			target = 380989DE28202181002DAB50 /* WordClockWatch WatchKit App */;
			targetProxy = 380989E128202181002DAB50 /* PBXContainerItemProxy */;
		};
		380989ED28202185002DAB50 /* PBXTargetDependency */ = {
			isa = PBXTargetDependency;
			target = 380989E928202185002DAB50 /* WordClockWatch WatchKit Extension */;
			targetProxy = 380989EC28202185002DAB50 /* PBXContainerItemProxy */;
		};
		38098A0628202187002DAB50 /* PBXTargetDependency */ = {
			isa = PBXTargetDependency;
			target = 380989E928202185002DAB50 /* WordClockWatch WatchKit Extension */;
			targetProxy = 38098A0528202187002DAB50 /* PBXContainerItemProxy */;
		};
		38098A1028202187002DAB50 /* PBXTargetDependency */ = {
			isa = PBXTargetDependency;
			target = 380989DE28202181002DAB50 /* WordClockWatch WatchKit App */;
			targetProxy = 38098A0F28202187002DAB50 /* PBXContainerItemProxy */;
		};
		3852F4BD281BB70000D869FC /* PBXTargetDependency */ = {
			isa = PBXTargetDependency;
			target = 3852F4B0281BB6FC00D869FC /* WordClockWidgetExtension */;
			targetProxy = 3852F4BC281BB70000D869FC /* PBXContainerItemProxy */;
		};
		3852F4FE281C260000D869FC /* PBXTargetDependency */ = {
			isa = PBXTargetDependency;
			target = 3852F4EA281C25FC00D869FC /* TimeInWordsClip */;
			targetProxy = 3852F4FD281C260000D869FC /* PBXContainerItemProxy */;
		};
		3852F508281C260000D869FC /* PBXTargetDependency */ = {
			isa = PBXTargetDependency;
			target = 3852F4EA281C25FC00D869FC /* TimeInWordsClip */;
			targetProxy = 3852F507281C260000D869FC /* PBXContainerItemProxy */;
		};
		3852F50F281C260100D869FC /* PBXTargetDependency */ = {
			isa = PBXTargetDependency;
			target = 3852F4EA281C25FC00D869FC /* TimeInWordsClip */;
			targetProxy = 3852F50E281C260100D869FC /* PBXContainerItemProxy */;
		};
		38F6FD3328266BE60096F3F3 /* PBXTargetDependency */ = {
			isa = PBXTargetDependency;
			productRef = 38F6FD3228266BE60096F3F3 /* TimeInWordsFeature */;
		};
		38F6FD3528266BEC0096F3F3 /* PBXTargetDependency */ = {
			isa = PBXTargetDependency;
			productRef = 38F6FD3428266BEC0096F3F3 /* ComposableArchitecture */;
		};
		38F6FD3728266BF10096F3F3 /* PBXTargetDependency */ = {
			isa = PBXTargetDependency;
			productRef = 38F6FD3628266BF10096F3F3 /* TimeInWords */;
		};
		F8B1348927D74E8900BE6503 /* PBXTargetDependency */ = {
			isa = PBXTargetDependency;
			target = F8B1347627D74E8600BE6503 /* WordClock */;
			targetProxy = F8B1348827D74E8900BE6503 /* PBXContainerItemProxy */;
		};
		F8B1349327D74E8900BE6503 /* PBXTargetDependency */ = {
			isa = PBXTargetDependency;
			target = F8B1347627D74E8600BE6503 /* WordClock */;
			targetProxy = F8B1349227D74E8900BE6503 /* PBXContainerItemProxy */;
		};
/* End PBXTargetDependency section */

/* Begin XCBuildConfiguration section */
		38098A1628202187002DAB50 /* Debug */ = {
			isa = XCBuildConfiguration;
			buildSettings = {
				CODE_SIGN_STYLE = Automatic;
				CURRENT_PROJECT_VERSION = 1;
				DEVELOPMENT_TEAM = 29Q5J7K7B2;
				MARKETING_VERSION = 1.1;
				PRODUCT_BUNDLE_IDENTIFIER = com.jrbordet.WordClockWatch;
				PRODUCT_NAME = "$(TARGET_NAME)";
				SWIFT_VERSION = 5.0;
			};
			name = Debug;
		};
		38098A1728202187002DAB50 /* Release */ = {
			isa = XCBuildConfiguration;
			buildSettings = {
				CODE_SIGN_STYLE = Automatic;
				CURRENT_PROJECT_VERSION = 1;
				DEVELOPMENT_TEAM = 29Q5J7K7B2;
				MARKETING_VERSION = 1.1;
				PRODUCT_BUNDLE_IDENTIFIER = com.jrbordet.WordClockWatch;
				PRODUCT_NAME = "$(TARGET_NAME)";
				SWIFT_VERSION = 5.0;
			};
			name = Release;
		};
		38098A1928202187002DAB50 /* Debug */ = {
			isa = XCBuildConfiguration;
			buildSettings = {
				ALWAYS_EMBED_SWIFT_STANDARD_LIBRARIES = YES;
				ASSETCATALOG_COMPILER_APPICON_NAME = AppIcon;
				ASSETCATALOG_COMPILER_GLOBAL_ACCENT_COLOR_NAME = AccentColor;
				CODE_SIGN_STYLE = Automatic;
				CURRENT_PROJECT_VERSION = 1;
				DEVELOPMENT_TEAM = 29Q5J7K7B2;
				GENERATE_INFOPLIST_FILE = YES;
				IBSC_MODULE = WordClockWatch_WatchKit_Extension;
				INFOPLIST_KEY_CFBundleDisplayName = "WordClockWatch WatchKit App";
				INFOPLIST_KEY_UISupportedInterfaceOrientations = "UIInterfaceOrientationPortrait UIInterfaceOrientationPortraitUpsideDown";
				MARKETING_VERSION = 1.1;
				PRODUCT_BUNDLE_IDENTIFIER = com.jrbordet.WordClockWatch.watchkitapp;
				PRODUCT_NAME = "$(TARGET_NAME)";
				SDKROOT = watchos;
				SKIP_INSTALL = YES;
				SWIFT_EMIT_LOC_STRINGS = YES;
				SWIFT_VERSION = 5.0;
				TARGETED_DEVICE_FAMILY = 4;
				WATCHOS_DEPLOYMENT_TARGET = 8.3;
			};
			name = Debug;
		};
		38098A1A28202187002DAB50 /* Release */ = {
			isa = XCBuildConfiguration;
			buildSettings = {
				ALWAYS_EMBED_SWIFT_STANDARD_LIBRARIES = YES;
				ASSETCATALOG_COMPILER_APPICON_NAME = AppIcon;
				ASSETCATALOG_COMPILER_GLOBAL_ACCENT_COLOR_NAME = AccentColor;
				CODE_SIGN_STYLE = Automatic;
				CURRENT_PROJECT_VERSION = 1;
				DEVELOPMENT_TEAM = 29Q5J7K7B2;
				GENERATE_INFOPLIST_FILE = YES;
				IBSC_MODULE = WordClockWatch_WatchKit_Extension;
				INFOPLIST_KEY_CFBundleDisplayName = "WordClockWatch WatchKit App";
				INFOPLIST_KEY_UISupportedInterfaceOrientations = "UIInterfaceOrientationPortrait UIInterfaceOrientationPortraitUpsideDown";
				MARKETING_VERSION = 1.1;
				PRODUCT_BUNDLE_IDENTIFIER = com.jrbordet.WordClockWatch.watchkitapp;
				PRODUCT_NAME = "$(TARGET_NAME)";
				SDKROOT = watchos;
				SKIP_INSTALL = YES;
				SWIFT_EMIT_LOC_STRINGS = YES;
				SWIFT_VERSION = 5.0;
				TARGETED_DEVICE_FAMILY = 4;
				WATCHOS_DEPLOYMENT_TARGET = 8.3;
			};
			name = Release;
		};
		38098A1C28202187002DAB50 /* Debug */ = {
			isa = XCBuildConfiguration;
			buildSettings = {
				ASSETCATALOG_COMPILER_COMPLICATION_NAME = Complication;
				CODE_SIGN_STYLE = Automatic;
				CURRENT_PROJECT_VERSION = 1;
				DEVELOPMENT_ASSET_PATHS = "\"WordClockWatch WatchKit Extension/Preview Content\"";
				DEVELOPMENT_TEAM = 29Q5J7K7B2;
				ENABLE_PREVIEWS = YES;
				GENERATE_INFOPLIST_FILE = YES;
				INFOPLIST_FILE = "WordClockWatch WatchKit Extension/Info.plist";
				INFOPLIST_KEY_CFBundleDisplayName = "WordClockWatch WatchKit Extension";
				INFOPLIST_KEY_CLKComplicationPrincipalClass = WordClockWatch_WatchKit_Extension.ComplicationController;
				INFOPLIST_KEY_NSHumanReadableCopyright = "";
				INFOPLIST_KEY_WKWatchOnly = YES;
				LD_RUNPATH_SEARCH_PATHS = (
					"$(inherited)",
					"@executable_path/Frameworks",
					"@executable_path/../../Frameworks",
				);
				MARKETING_VERSION = 1.1;
				PRODUCT_BUNDLE_IDENTIFIER = com.jrbordet.WordClockWatch.watchkitapp.watchkitextension;
				PRODUCT_NAME = "${TARGET_NAME}";
				SDKROOT = watchos;
				SKIP_INSTALL = YES;
				SWIFT_EMIT_LOC_STRINGS = YES;
				SWIFT_VERSION = 5.0;
				TARGETED_DEVICE_FAMILY = 4;
				WATCHOS_DEPLOYMENT_TARGET = 8.3;
			};
			name = Debug;
		};
		38098A1D28202187002DAB50 /* Release */ = {
			isa = XCBuildConfiguration;
			buildSettings = {
				ASSETCATALOG_COMPILER_COMPLICATION_NAME = Complication;
				CODE_SIGN_STYLE = Automatic;
				CURRENT_PROJECT_VERSION = 1;
				DEVELOPMENT_ASSET_PATHS = "\"WordClockWatch WatchKit Extension/Preview Content\"";
				DEVELOPMENT_TEAM = 29Q5J7K7B2;
				ENABLE_PREVIEWS = YES;
				GENERATE_INFOPLIST_FILE = YES;
				INFOPLIST_FILE = "WordClockWatch WatchKit Extension/Info.plist";
				INFOPLIST_KEY_CFBundleDisplayName = "WordClockWatch WatchKit Extension";
				INFOPLIST_KEY_CLKComplicationPrincipalClass = WordClockWatch_WatchKit_Extension.ComplicationController;
				INFOPLIST_KEY_NSHumanReadableCopyright = "";
				INFOPLIST_KEY_WKWatchOnly = YES;
				LD_RUNPATH_SEARCH_PATHS = (
					"$(inherited)",
					"@executable_path/Frameworks",
					"@executable_path/../../Frameworks",
				);
				MARKETING_VERSION = 1.1;
				PRODUCT_BUNDLE_IDENTIFIER = com.jrbordet.WordClockWatch.watchkitapp.watchkitextension;
				PRODUCT_NAME = "${TARGET_NAME}";
				SDKROOT = watchos;
				SKIP_INSTALL = YES;
				SWIFT_EMIT_LOC_STRINGS = YES;
				SWIFT_VERSION = 5.0;
				TARGETED_DEVICE_FAMILY = 4;
				WATCHOS_DEPLOYMENT_TARGET = 8.3;
			};
			name = Release;
		};
		38098A1E28202187002DAB50 /* Debug */ = {
			isa = XCBuildConfiguration;
			buildSettings = {
				ALWAYS_EMBED_SWIFT_STANDARD_LIBRARIES = YES;
				BUNDLE_LOADER = "$(TEST_HOST)";
				CODE_SIGN_STYLE = Automatic;
				CURRENT_PROJECT_VERSION = 1;
				DEVELOPMENT_TEAM = 29Q5J7K7B2;
				GENERATE_INFOPLIST_FILE = YES;
				MARKETING_VERSION = 1.0;
				PRODUCT_BUNDLE_IDENTIFIER = com.jrbordet.WordClockWatchTests;
				PRODUCT_NAME = "$(TARGET_NAME)";
				SDKROOT = watchos;
				SWIFT_EMIT_LOC_STRINGS = NO;
				SWIFT_VERSION = 5.0;
				TARGETED_DEVICE_FAMILY = 4;
				TEST_HOST = "$(BUILT_PRODUCTS_DIR)/WordClockWatch WatchKit Extension.appex/WordClockWatch WatchKit Extension";
				WATCHOS_DEPLOYMENT_TARGET = 8.3;
			};
			name = Debug;
		};
		38098A1F28202187002DAB50 /* Release */ = {
			isa = XCBuildConfiguration;
			buildSettings = {
				ALWAYS_EMBED_SWIFT_STANDARD_LIBRARIES = YES;
				BUNDLE_LOADER = "$(TEST_HOST)";
				CODE_SIGN_STYLE = Automatic;
				CURRENT_PROJECT_VERSION = 1;
				DEVELOPMENT_TEAM = 29Q5J7K7B2;
				GENERATE_INFOPLIST_FILE = YES;
				MARKETING_VERSION = 1.0;
				PRODUCT_BUNDLE_IDENTIFIER = com.jrbordet.WordClockWatchTests;
				PRODUCT_NAME = "$(TARGET_NAME)";
				SDKROOT = watchos;
				SWIFT_EMIT_LOC_STRINGS = NO;
				SWIFT_VERSION = 5.0;
				TARGETED_DEVICE_FAMILY = 4;
				TEST_HOST = "$(BUILT_PRODUCTS_DIR)/WordClockWatch WatchKit Extension.appex/WordClockWatch WatchKit Extension";
				WATCHOS_DEPLOYMENT_TARGET = 8.3;
			};
			name = Release;
		};
		38098A2028202187002DAB50 /* Debug */ = {
			isa = XCBuildConfiguration;
			buildSettings = {
				CODE_SIGN_STYLE = Automatic;
				CURRENT_PROJECT_VERSION = 1;
				DEVELOPMENT_TEAM = 29Q5J7K7B2;
				GENERATE_INFOPLIST_FILE = YES;
				MARKETING_VERSION = 1.0;
				PRODUCT_BUNDLE_IDENTIFIER = com.jrbordet.WordClockWatchUITests;
				PRODUCT_NAME = "$(TARGET_NAME)";
				SDKROOT = watchos;
				SWIFT_EMIT_LOC_STRINGS = NO;
				SWIFT_VERSION = 5.0;
				TARGETED_DEVICE_FAMILY = 4;
				TEST_TARGET_NAME = "WordClockWatch WatchKit App";
				WATCHOS_DEPLOYMENT_TARGET = 8.3;
			};
			name = Debug;
		};
		38098A2128202187002DAB50 /* Release */ = {
			isa = XCBuildConfiguration;
			buildSettings = {
				CODE_SIGN_STYLE = Automatic;
				CURRENT_PROJECT_VERSION = 1;
				DEVELOPMENT_TEAM = 29Q5J7K7B2;
				GENERATE_INFOPLIST_FILE = YES;
				MARKETING_VERSION = 1.0;
				PRODUCT_BUNDLE_IDENTIFIER = com.jrbordet.WordClockWatchUITests;
				PRODUCT_NAME = "$(TARGET_NAME)";
				SDKROOT = watchos;
				SWIFT_EMIT_LOC_STRINGS = NO;
				SWIFT_VERSION = 5.0;
				TARGETED_DEVICE_FAMILY = 4;
				TEST_TARGET_NAME = "WordClockWatch WatchKit App";
				WATCHOS_DEPLOYMENT_TARGET = 8.3;
			};
			name = Release;
		};
		3852F4C0281BB70000D869FC /* Debug */ = {
			isa = XCBuildConfiguration;
			buildSettings = {
				ASSETCATALOG_COMPILER_GLOBAL_ACCENT_COLOR_NAME = AccentColor;
				ASSETCATALOG_COMPILER_WIDGET_BACKGROUND_COLOR_NAME = WidgetBackground;
				CODE_SIGN_ENTITLEMENTS = WordClockWidgetExtension.entitlements;
				CODE_SIGN_STYLE = Automatic;
				CURRENT_PROJECT_VERSION = 4;
				DEVELOPMENT_TEAM = XP6P798NUV;
				GENERATE_INFOPLIST_FILE = YES;
				INFOPLIST_FILE = WordClockWidget/Info.plist;
				INFOPLIST_KEY_CFBundleDisplayName = WordClockWidget;
				INFOPLIST_KEY_NSHumanReadableCopyright = "";
				IPHONEOS_DEPLOYMENT_TARGET = 15.2;
				LD_RUNPATH_SEARCH_PATHS = (
					"$(inherited)",
					"@executable_path/Frameworks",
					"@executable_path/../../Frameworks",
				);
				MARKETING_VERSION = 1.1;
				PRODUCT_BUNDLE_IDENTIFIER = com.jrbordet.thewordclock.WordClockWidget;
				PRODUCT_NAME = "$(TARGET_NAME)";
				SKIP_INSTALL = YES;
				SWIFT_EMIT_LOC_STRINGS = YES;
				SWIFT_VERSION = 5.0;
				TARGETED_DEVICE_FAMILY = "1,2";
			};
			name = Debug;
		};
		3852F4C1281BB70000D869FC /* Release */ = {
			isa = XCBuildConfiguration;
			buildSettings = {
				ASSETCATALOG_COMPILER_GLOBAL_ACCENT_COLOR_NAME = AccentColor;
				ASSETCATALOG_COMPILER_WIDGET_BACKGROUND_COLOR_NAME = WidgetBackground;
				CODE_SIGN_ENTITLEMENTS = WordClockWidgetExtension.entitlements;
				CODE_SIGN_STYLE = Automatic;
				CURRENT_PROJECT_VERSION = 4;
				DEVELOPMENT_TEAM = XP6P798NUV;
				GENERATE_INFOPLIST_FILE = YES;
				INFOPLIST_FILE = WordClockWidget/Info.plist;
				INFOPLIST_KEY_CFBundleDisplayName = WordClockWidget;
				INFOPLIST_KEY_NSHumanReadableCopyright = "";
				IPHONEOS_DEPLOYMENT_TARGET = 15.2;
				LD_RUNPATH_SEARCH_PATHS = (
					"$(inherited)",
					"@executable_path/Frameworks",
					"@executable_path/../../Frameworks",
				);
				MARKETING_VERSION = 1.1;
				PRODUCT_BUNDLE_IDENTIFIER = com.jrbordet.thewordclock.WordClockWidget;
				PRODUCT_NAME = "$(TARGET_NAME)";
				SKIP_INSTALL = YES;
				SWIFT_EMIT_LOC_STRINGS = YES;
				SWIFT_VERSION = 5.0;
				TARGETED_DEVICE_FAMILY = "1,2";
			};
			name = Release;
		};
		3852F512281C260100D869FC /* Debug */ = {
			isa = XCBuildConfiguration;
			buildSettings = {
				ASSETCATALOG_COMPILER_APPICON_NAME = AppIcon;
				ASSETCATALOG_COMPILER_GLOBAL_ACCENT_COLOR_NAME = AccentColor;
				CODE_SIGN_ENTITLEMENTS = TimeInWordsClip/TimeInWordsClip.entitlements;
				CODE_SIGN_STYLE = Automatic;
				CURRENT_PROJECT_VERSION = 4;
				DEVELOPMENT_ASSET_PATHS = "\"TimeInWordsClip/Preview Content\"";
				DEVELOPMENT_TEAM = XP6P798NUV;
				ENABLE_PREVIEWS = YES;
				GENERATE_INFOPLIST_FILE = YES;
				INFOPLIST_FILE = TimeInWordsClip/Info.plist;
				INFOPLIST_KEY_CFBundleDisplayName = WordClock;
				INFOPLIST_KEY_UIApplicationSceneManifest_Generation = YES;
				INFOPLIST_KEY_UIApplicationSupportsIndirectInputEvents = YES;
				INFOPLIST_KEY_UILaunchScreen_Generation = YES;
				INFOPLIST_KEY_UISupportedInterfaceOrientations_iPad = "UIInterfaceOrientationPortrait UIInterfaceOrientationPortraitUpsideDown UIInterfaceOrientationLandscapeLeft UIInterfaceOrientationLandscapeRight";
				INFOPLIST_KEY_UISupportedInterfaceOrientations_iPhone = "UIInterfaceOrientationPortrait UIInterfaceOrientationLandscapeLeft UIInterfaceOrientationLandscapeRight";
				IPHONEOS_DEPLOYMENT_TARGET = 15.2;
				LD_RUNPATH_SEARCH_PATHS = (
					"$(inherited)",
					"@executable_path/Frameworks",
				);
				MARKETING_VERSION = 1.1;
				PRODUCT_BUNDLE_IDENTIFIER = com.jrbordet.thewordclock.Clip;
				PRODUCT_NAME = "$(TARGET_NAME)";
				SWIFT_EMIT_LOC_STRINGS = YES;
				SWIFT_VERSION = 5.0;
				TARGETED_DEVICE_FAMILY = "1,2";
			};
			name = Debug;
		};
		3852F513281C260100D869FC /* Release */ = {
			isa = XCBuildConfiguration;
			buildSettings = {
				ASSETCATALOG_COMPILER_APPICON_NAME = AppIcon;
				ASSETCATALOG_COMPILER_GLOBAL_ACCENT_COLOR_NAME = AccentColor;
				CODE_SIGN_ENTITLEMENTS = TimeInWordsClip/TimeInWordsClip.entitlements;
				CODE_SIGN_STYLE = Automatic;
				CURRENT_PROJECT_VERSION = 4;
				DEVELOPMENT_ASSET_PATHS = "\"TimeInWordsClip/Preview Content\"";
				DEVELOPMENT_TEAM = XP6P798NUV;
				ENABLE_PREVIEWS = YES;
				GENERATE_INFOPLIST_FILE = YES;
				INFOPLIST_FILE = TimeInWordsClip/Info.plist;
				INFOPLIST_KEY_CFBundleDisplayName = WordClock;
				INFOPLIST_KEY_UIApplicationSceneManifest_Generation = YES;
				INFOPLIST_KEY_UIApplicationSupportsIndirectInputEvents = YES;
				INFOPLIST_KEY_UILaunchScreen_Generation = YES;
				INFOPLIST_KEY_UISupportedInterfaceOrientations_iPad = "UIInterfaceOrientationPortrait UIInterfaceOrientationPortraitUpsideDown UIInterfaceOrientationLandscapeLeft UIInterfaceOrientationLandscapeRight";
				INFOPLIST_KEY_UISupportedInterfaceOrientations_iPhone = "UIInterfaceOrientationPortrait UIInterfaceOrientationLandscapeLeft UIInterfaceOrientationLandscapeRight";
				IPHONEOS_DEPLOYMENT_TARGET = 15.2;
				LD_RUNPATH_SEARCH_PATHS = (
					"$(inherited)",
					"@executable_path/Frameworks",
				);
				MARKETING_VERSION = 1.1;
				PRODUCT_BUNDLE_IDENTIFIER = com.jrbordet.thewordclock.Clip;
				PRODUCT_NAME = "$(TARGET_NAME)";
				SWIFT_EMIT_LOC_STRINGS = YES;
				SWIFT_VERSION = 5.0;
				TARGETED_DEVICE_FAMILY = "1,2";
			};
			name = Release;
		};
		3852F516281C260100D869FC /* Debug */ = {
			isa = XCBuildConfiguration;
			buildSettings = {
				ALWAYS_EMBED_SWIFT_STANDARD_LIBRARIES = YES;
				BUNDLE_LOADER = "$(TEST_HOST)";
				CODE_SIGN_STYLE = Automatic;
				CURRENT_PROJECT_VERSION = 1;
				DEVELOPMENT_TEAM = 29Q5J7K7B2;
				GENERATE_INFOPLIST_FILE = YES;
				IPHONEOS_DEPLOYMENT_TARGET = 15.2;
				MARKETING_VERSION = 1.0;
				PRODUCT_BUNDLE_IDENTIFIER = com.jrbordet.thewordclock.TimeInWordsClipTests;
				PRODUCT_NAME = "$(TARGET_NAME)";
				SWIFT_EMIT_LOC_STRINGS = NO;
				SWIFT_VERSION = 5.0;
				TARGETED_DEVICE_FAMILY = "1,2";
				TEST_HOST = "$(BUILT_PRODUCTS_DIR)/TimeInWordsClip.app/TimeInWordsClip";
			};
			name = Debug;
		};
		3852F517281C260100D869FC /* Release */ = {
			isa = XCBuildConfiguration;
			buildSettings = {
				ALWAYS_EMBED_SWIFT_STANDARD_LIBRARIES = YES;
				BUNDLE_LOADER = "$(TEST_HOST)";
				CODE_SIGN_STYLE = Automatic;
				CURRENT_PROJECT_VERSION = 1;
				DEVELOPMENT_TEAM = 29Q5J7K7B2;
				GENERATE_INFOPLIST_FILE = YES;
				IPHONEOS_DEPLOYMENT_TARGET = 15.2;
				MARKETING_VERSION = 1.0;
				PRODUCT_BUNDLE_IDENTIFIER = com.jrbordet.thewordclock.TimeInWordsClipTests;
				PRODUCT_NAME = "$(TARGET_NAME)";
				SWIFT_EMIT_LOC_STRINGS = NO;
				SWIFT_VERSION = 5.0;
				TARGETED_DEVICE_FAMILY = "1,2";
				TEST_HOST = "$(BUILT_PRODUCTS_DIR)/TimeInWordsClip.app/TimeInWordsClip";
			};
			name = Release;
		};
		3852F519281C260100D869FC /* Debug */ = {
			isa = XCBuildConfiguration;
			buildSettings = {
				ALWAYS_EMBED_SWIFT_STANDARD_LIBRARIES = YES;
				"CODE_SIGN_IDENTITY[sdk=macosx*]" = "Apple Development";
				CODE_SIGN_STYLE = Automatic;
				CURRENT_PROJECT_VERSION = 1;
				DEVELOPMENT_TEAM = 29Q5J7K7B2;
				GENERATE_INFOPLIST_FILE = YES;
				IPHONEOS_DEPLOYMENT_TARGET = 15.2;
				MARKETING_VERSION = 1.0;
				PRODUCT_BUNDLE_IDENTIFIER = com.jrbordet.thewordclock.TimeInWordsClipUITests;
				PRODUCT_NAME = "$(TARGET_NAME)";
				SWIFT_EMIT_LOC_STRINGS = NO;
				SWIFT_VERSION = 5.0;
				TARGETED_DEVICE_FAMILY = "1,2";
				TEST_TARGET_NAME = TimeInWordsClip;
			};
			name = Debug;
		};
		3852F51A281C260100D869FC /* Release */ = {
			isa = XCBuildConfiguration;
			buildSettings = {
				ALWAYS_EMBED_SWIFT_STANDARD_LIBRARIES = YES;
				"CODE_SIGN_IDENTITY[sdk=macosx*]" = "Apple Development";
				CODE_SIGN_STYLE = Automatic;
				CURRENT_PROJECT_VERSION = 1;
				DEVELOPMENT_TEAM = 29Q5J7K7B2;
				GENERATE_INFOPLIST_FILE = YES;
				IPHONEOS_DEPLOYMENT_TARGET = 15.2;
				MARKETING_VERSION = 1.0;
				PRODUCT_BUNDLE_IDENTIFIER = com.jrbordet.thewordclock.TimeInWordsClipUITests;
				PRODUCT_NAME = "$(TARGET_NAME)";
				SWIFT_EMIT_LOC_STRINGS = NO;
				SWIFT_VERSION = 5.0;
				TARGETED_DEVICE_FAMILY = "1,2";
				TEST_TARGET_NAME = TimeInWordsClip;
			};
			name = Release;
		};
		F8B1349927D74E8900BE6503 /* Debug */ = {
			isa = XCBuildConfiguration;
			buildSettings = {
				ALWAYS_SEARCH_USER_PATHS = NO;
				CLANG_ANALYZER_NONNULL = YES;
				CLANG_ANALYZER_NUMBER_OBJECT_CONVERSION = YES_AGGRESSIVE;
				CLANG_CXX_LANGUAGE_STANDARD = "gnu++17";
				CLANG_CXX_LIBRARY = "libc++";
				CLANG_ENABLE_MODULES = YES;
				CLANG_ENABLE_OBJC_ARC = YES;
				CLANG_ENABLE_OBJC_WEAK = YES;
				CLANG_WARN_BLOCK_CAPTURE_AUTORELEASING = YES;
				CLANG_WARN_BOOL_CONVERSION = YES;
				CLANG_WARN_COMMA = YES;
				CLANG_WARN_CONSTANT_CONVERSION = YES;
				CLANG_WARN_DEPRECATED_OBJC_IMPLEMENTATIONS = YES;
				CLANG_WARN_DIRECT_OBJC_ISA_USAGE = YES_ERROR;
				CLANG_WARN_DOCUMENTATION_COMMENTS = YES;
				CLANG_WARN_EMPTY_BODY = YES;
				CLANG_WARN_ENUM_CONVERSION = YES;
				CLANG_WARN_INFINITE_RECURSION = YES;
				CLANG_WARN_INT_CONVERSION = YES;
				CLANG_WARN_NON_LITERAL_NULL_CONVERSION = YES;
				CLANG_WARN_OBJC_IMPLICIT_RETAIN_SELF = YES;
				CLANG_WARN_OBJC_LITERAL_CONVERSION = YES;
				CLANG_WARN_OBJC_ROOT_CLASS = YES_ERROR;
				CLANG_WARN_QUOTED_INCLUDE_IN_FRAMEWORK_HEADER = YES;
				CLANG_WARN_RANGE_LOOP_ANALYSIS = YES;
				CLANG_WARN_STRICT_PROTOTYPES = YES;
				CLANG_WARN_SUSPICIOUS_MOVE = YES;
				CLANG_WARN_UNGUARDED_AVAILABILITY = YES_AGGRESSIVE;
				CLANG_WARN_UNREACHABLE_CODE = YES;
				CLANG_WARN__DUPLICATE_METHOD_MATCH = YES;
				COPY_PHASE_STRIP = NO;
				DEBUG_INFORMATION_FORMAT = dwarf;
				ENABLE_STRICT_OBJC_MSGSEND = YES;
				ENABLE_TESTABILITY = YES;
				GCC_C_LANGUAGE_STANDARD = gnu11;
				GCC_DYNAMIC_NO_PIC = NO;
				GCC_NO_COMMON_BLOCKS = YES;
				GCC_OPTIMIZATION_LEVEL = 0;
				GCC_PREPROCESSOR_DEFINITIONS = (
					"DEBUG=1",
					"$(inherited)",
				);
				GCC_WARN_64_TO_32_BIT_CONVERSION = YES;
				GCC_WARN_ABOUT_RETURN_TYPE = YES_ERROR;
				GCC_WARN_UNDECLARED_SELECTOR = YES;
				GCC_WARN_UNINITIALIZED_AUTOS = YES_AGGRESSIVE;
				GCC_WARN_UNUSED_FUNCTION = YES;
				GCC_WARN_UNUSED_VARIABLE = YES;
				IPHONEOS_DEPLOYMENT_TARGET = 14.0;
				MTL_ENABLE_DEBUG_INFO = INCLUDE_SOURCE;
				MTL_FAST_MATH = YES;
				ONLY_ACTIVE_ARCH = YES;
				SDKROOT = iphoneos;
				SWIFT_ACTIVE_COMPILATION_CONDITIONS = DEBUG;
				SWIFT_OPTIMIZATION_LEVEL = "-Onone";
			};
			name = Debug;
		};
		F8B1349A27D74E8900BE6503 /* Release */ = {
			isa = XCBuildConfiguration;
			buildSettings = {
				ALWAYS_SEARCH_USER_PATHS = NO;
				CLANG_ANALYZER_NONNULL = YES;
				CLANG_ANALYZER_NUMBER_OBJECT_CONVERSION = YES_AGGRESSIVE;
				CLANG_CXX_LANGUAGE_STANDARD = "gnu++17";
				CLANG_CXX_LIBRARY = "libc++";
				CLANG_ENABLE_MODULES = YES;
				CLANG_ENABLE_OBJC_ARC = YES;
				CLANG_ENABLE_OBJC_WEAK = YES;
				CLANG_WARN_BLOCK_CAPTURE_AUTORELEASING = YES;
				CLANG_WARN_BOOL_CONVERSION = YES;
				CLANG_WARN_COMMA = YES;
				CLANG_WARN_CONSTANT_CONVERSION = YES;
				CLANG_WARN_DEPRECATED_OBJC_IMPLEMENTATIONS = YES;
				CLANG_WARN_DIRECT_OBJC_ISA_USAGE = YES_ERROR;
				CLANG_WARN_DOCUMENTATION_COMMENTS = YES;
				CLANG_WARN_EMPTY_BODY = YES;
				CLANG_WARN_ENUM_CONVERSION = YES;
				CLANG_WARN_INFINITE_RECURSION = YES;
				CLANG_WARN_INT_CONVERSION = YES;
				CLANG_WARN_NON_LITERAL_NULL_CONVERSION = YES;
				CLANG_WARN_OBJC_IMPLICIT_RETAIN_SELF = YES;
				CLANG_WARN_OBJC_LITERAL_CONVERSION = YES;
				CLANG_WARN_OBJC_ROOT_CLASS = YES_ERROR;
				CLANG_WARN_QUOTED_INCLUDE_IN_FRAMEWORK_HEADER = YES;
				CLANG_WARN_RANGE_LOOP_ANALYSIS = YES;
				CLANG_WARN_STRICT_PROTOTYPES = YES;
				CLANG_WARN_SUSPICIOUS_MOVE = YES;
				CLANG_WARN_UNGUARDED_AVAILABILITY = YES_AGGRESSIVE;
				CLANG_WARN_UNREACHABLE_CODE = YES;
				CLANG_WARN__DUPLICATE_METHOD_MATCH = YES;
				COPY_PHASE_STRIP = NO;
				DEBUG_INFORMATION_FORMAT = "dwarf-with-dsym";
				ENABLE_NS_ASSERTIONS = NO;
				ENABLE_STRICT_OBJC_MSGSEND = YES;
				GCC_C_LANGUAGE_STANDARD = gnu11;
				GCC_NO_COMMON_BLOCKS = YES;
				GCC_WARN_64_TO_32_BIT_CONVERSION = YES;
				GCC_WARN_ABOUT_RETURN_TYPE = YES_ERROR;
				GCC_WARN_UNDECLARED_SELECTOR = YES;
				GCC_WARN_UNINITIALIZED_AUTOS = YES_AGGRESSIVE;
				GCC_WARN_UNUSED_FUNCTION = YES;
				GCC_WARN_UNUSED_VARIABLE = YES;
				IPHONEOS_DEPLOYMENT_TARGET = 14.0;
				MTL_ENABLE_DEBUG_INFO = NO;
				MTL_FAST_MATH = YES;
				SDKROOT = iphoneos;
				SWIFT_COMPILATION_MODE = wholemodule;
				SWIFT_OPTIMIZATION_LEVEL = "-O";
				VALIDATE_PRODUCT = YES;
			};
			name = Release;
		};
		F8B1349C27D74E8900BE6503 /* Debug */ = {
			isa = XCBuildConfiguration;
			buildSettings = {
				ALWAYS_EMBED_SWIFT_STANDARD_LIBRARIES = YES;
				ASSETCATALOG_COMPILER_APPICON_NAME = AppIcon;
				ASSETCATALOG_COMPILER_GLOBAL_ACCENT_COLOR_NAME = AccentColor;
				CODE_SIGN_ENTITLEMENTS = WordClock/WordClock.entitlements;
				CODE_SIGN_STYLE = Automatic;
				CURRENT_PROJECT_VERSION = 4;
				DEVELOPMENT_ASSET_PATHS = "\"WordClock/Preview Content\"";
				DEVELOPMENT_TEAM = XP6P798NUV;
				ENABLE_PREVIEWS = YES;
				GENERATE_INFOPLIST_FILE = YES;
				INFOPLIST_FILE = WordClock/Info.plist;
				INFOPLIST_KEY_UIApplicationSceneManifest_Generation = YES;
				INFOPLIST_KEY_UIApplicationSupportsIndirectInputEvents = YES;
				INFOPLIST_KEY_UILaunchScreen_Generation = YES;
				INFOPLIST_KEY_UISupportedInterfaceOrientations_iPad = "UIInterfaceOrientationPortrait UIInterfaceOrientationPortraitUpsideDown UIInterfaceOrientationLandscapeLeft UIInterfaceOrientationLandscapeRight";
				INFOPLIST_KEY_UISupportedInterfaceOrientations_iPhone = UIInterfaceOrientationPortrait;
				IPHONEOS_DEPLOYMENT_TARGET = 14.0;
				LD_RUNPATH_SEARCH_PATHS = (
					"$(inherited)",
					"@executable_path/Frameworks",
				);
				MARKETING_VERSION = 1.1;
				PRODUCT_BUNDLE_IDENTIFIER = com.jrbordet.thewordclock;
				PRODUCT_NAME = "$(TARGET_NAME)";
				SWIFT_EMIT_LOC_STRINGS = YES;
				SWIFT_VERSION = 5.0;
				TARGETED_DEVICE_FAMILY = "1,2";
			};
			name = Debug;
		};
		F8B1349D27D74E8900BE6503 /* Release */ = {
			isa = XCBuildConfiguration;
			buildSettings = {
				ALWAYS_EMBED_SWIFT_STANDARD_LIBRARIES = YES;
				ASSETCATALOG_COMPILER_APPICON_NAME = AppIcon;
				ASSETCATALOG_COMPILER_GLOBAL_ACCENT_COLOR_NAME = AccentColor;
				CODE_SIGN_ENTITLEMENTS = WordClock/WordClock.entitlements;
				CODE_SIGN_STYLE = Automatic;
				CURRENT_PROJECT_VERSION = 4;
				DEVELOPMENT_ASSET_PATHS = "\"WordClock/Preview Content\"";
				DEVELOPMENT_TEAM = XP6P798NUV;
				ENABLE_PREVIEWS = YES;
				GENERATE_INFOPLIST_FILE = YES;
				INFOPLIST_FILE = WordClock/Info.plist;
				INFOPLIST_KEY_UIApplicationSceneManifest_Generation = YES;
				INFOPLIST_KEY_UIApplicationSupportsIndirectInputEvents = YES;
				INFOPLIST_KEY_UILaunchScreen_Generation = YES;
				INFOPLIST_KEY_UISupportedInterfaceOrientations_iPad = "UIInterfaceOrientationPortrait UIInterfaceOrientationPortraitUpsideDown UIInterfaceOrientationLandscapeLeft UIInterfaceOrientationLandscapeRight";
				INFOPLIST_KEY_UISupportedInterfaceOrientations_iPhone = UIInterfaceOrientationPortrait;
				IPHONEOS_DEPLOYMENT_TARGET = 14.0;
				LD_RUNPATH_SEARCH_PATHS = (
					"$(inherited)",
					"@executable_path/Frameworks",
				);
				MARKETING_VERSION = 1.1;
				PRODUCT_BUNDLE_IDENTIFIER = com.jrbordet.thewordclock;
				PRODUCT_NAME = "$(TARGET_NAME)";
				SWIFT_EMIT_LOC_STRINGS = YES;
				SWIFT_VERSION = 5.0;
				TARGETED_DEVICE_FAMILY = "1,2";
			};
			name = Release;
		};
		F8B1349F27D74E8900BE6503 /* Debug */ = {
			isa = XCBuildConfiguration;
			buildSettings = {
				ALWAYS_EMBED_SWIFT_STANDARD_LIBRARIES = YES;
				BUNDLE_LOADER = "$(TEST_HOST)";
				CODE_SIGN_STYLE = Automatic;
				CURRENT_PROJECT_VERSION = 1;
				DEVELOPMENT_TEAM = XP6P798NUV;
				GENERATE_INFOPLIST_FILE = YES;
				IPHONEOS_DEPLOYMENT_TARGET = 15.2;
				MARKETING_VERSION = 1.0;
				PRODUCT_BUNDLE_IDENTIFIER = com.jrbordet.WordClockTests;
				PRODUCT_NAME = "$(TARGET_NAME)";
				SWIFT_EMIT_LOC_STRINGS = NO;
				SWIFT_VERSION = 5.0;
				TARGETED_DEVICE_FAMILY = "1,2";
				TEST_HOST = "$(BUILT_PRODUCTS_DIR)/WordClock.app/WordClock";
			};
			name = Debug;
		};
		F8B134A027D74E8900BE6503 /* Release */ = {
			isa = XCBuildConfiguration;
			buildSettings = {
				ALWAYS_EMBED_SWIFT_STANDARD_LIBRARIES = YES;
				BUNDLE_LOADER = "$(TEST_HOST)";
				CODE_SIGN_STYLE = Automatic;
				CURRENT_PROJECT_VERSION = 1;
				DEVELOPMENT_TEAM = XP6P798NUV;
				GENERATE_INFOPLIST_FILE = YES;
				IPHONEOS_DEPLOYMENT_TARGET = 15.2;
				MARKETING_VERSION = 1.0;
				PRODUCT_BUNDLE_IDENTIFIER = com.jrbordet.WordClockTests;
				PRODUCT_NAME = "$(TARGET_NAME)";
				SWIFT_EMIT_LOC_STRINGS = NO;
				SWIFT_VERSION = 5.0;
				TARGETED_DEVICE_FAMILY = "1,2";
				TEST_HOST = "$(BUILT_PRODUCTS_DIR)/WordClock.app/WordClock";
			};
			name = Release;
		};
		F8B134A227D74E8900BE6503 /* Debug */ = {
			isa = XCBuildConfiguration;
			buildSettings = {
				ALWAYS_EMBED_SWIFT_STANDARD_LIBRARIES = YES;
				CODE_SIGN_STYLE = Automatic;
				CURRENT_PROJECT_VERSION = 1;
				DEVELOPMENT_TEAM = XP6P798NUV;
				GENERATE_INFOPLIST_FILE = YES;
				MARKETING_VERSION = 1.0;
				PRODUCT_BUNDLE_IDENTIFIER = com.jrbordet.WordClockUITests;
				PRODUCT_NAME = "$(TARGET_NAME)";
				SWIFT_EMIT_LOC_STRINGS = NO;
				SWIFT_VERSION = 5.0;
				TARGETED_DEVICE_FAMILY = "1,2";
				TEST_TARGET_NAME = WordClock;
			};
			name = Debug;
		};
		F8B134A327D74E8900BE6503 /* Release */ = {
			isa = XCBuildConfiguration;
			buildSettings = {
				ALWAYS_EMBED_SWIFT_STANDARD_LIBRARIES = YES;
				CODE_SIGN_STYLE = Automatic;
				CURRENT_PROJECT_VERSION = 1;
				DEVELOPMENT_TEAM = XP6P798NUV;
				GENERATE_INFOPLIST_FILE = YES;
				MARKETING_VERSION = 1.0;
				PRODUCT_BUNDLE_IDENTIFIER = com.jrbordet.WordClockUITests;
				PRODUCT_NAME = "$(TARGET_NAME)";
				SWIFT_EMIT_LOC_STRINGS = NO;
				SWIFT_VERSION = 5.0;
				TARGETED_DEVICE_FAMILY = "1,2";
				TEST_TARGET_NAME = WordClock;
			};
			name = Release;
		};
/* End XCBuildConfiguration section */

/* Begin XCConfigurationList section */
		38098A2228202187002DAB50 /* Build configuration list for PBXNativeTarget "WordClockWatch WatchKit Extension" */ = {
			isa = XCConfigurationList;
			buildConfigurations = (
				38098A1C28202187002DAB50 /* Debug */,
				38098A1D28202187002DAB50 /* Release */,
			);
			defaultConfigurationIsVisible = 0;
			defaultConfigurationName = Release;
		};
		38098A2328202187002DAB50 /* Build configuration list for PBXNativeTarget "WordClockWatch WatchKit App" */ = {
			isa = XCConfigurationList;
			buildConfigurations = (
				38098A1928202187002DAB50 /* Debug */,
				38098A1A28202187002DAB50 /* Release */,
			);
			defaultConfigurationIsVisible = 0;
			defaultConfigurationName = Release;
		};
		38098A2428202187002DAB50 /* Build configuration list for PBXNativeTarget "WordClockWatch" */ = {
			isa = XCConfigurationList;
			buildConfigurations = (
				38098A1628202187002DAB50 /* Debug */,
				38098A1728202187002DAB50 /* Release */,
			);
			defaultConfigurationIsVisible = 0;
			defaultConfigurationName = Release;
		};
		38098A2528202187002DAB50 /* Build configuration list for PBXNativeTarget "WordClockWatchTests" */ = {
			isa = XCConfigurationList;
			buildConfigurations = (
				38098A1E28202187002DAB50 /* Debug */,
				38098A1F28202187002DAB50 /* Release */,
			);
			defaultConfigurationIsVisible = 0;
			defaultConfigurationName = Release;
		};
		38098A2628202187002DAB50 /* Build configuration list for PBXNativeTarget "WordClockWatchUITests" */ = {
			isa = XCConfigurationList;
			buildConfigurations = (
				38098A2028202187002DAB50 /* Debug */,
				38098A2128202187002DAB50 /* Release */,
			);
			defaultConfigurationIsVisible = 0;
			defaultConfigurationName = Release;
		};
		3852F4BF281BB70000D869FC /* Build configuration list for PBXNativeTarget "WordClockWidgetExtension" */ = {
			isa = XCConfigurationList;
			buildConfigurations = (
				3852F4C0281BB70000D869FC /* Debug */,
				3852F4C1281BB70000D869FC /* Release */,
			);
			defaultConfigurationIsVisible = 0;
			defaultConfigurationName = Release;
		};
		3852F511281C260100D869FC /* Build configuration list for PBXNativeTarget "TimeInWordsClip" */ = {
			isa = XCConfigurationList;
			buildConfigurations = (
				3852F512281C260100D869FC /* Debug */,
				3852F513281C260100D869FC /* Release */,
			);
			defaultConfigurationIsVisible = 0;
			defaultConfigurationName = Release;
		};
		3852F515281C260100D869FC /* Build configuration list for PBXNativeTarget "TimeInWordsClipTests" */ = {
			isa = XCConfigurationList;
			buildConfigurations = (
				3852F516281C260100D869FC /* Debug */,
				3852F517281C260100D869FC /* Release */,
			);
			defaultConfigurationIsVisible = 0;
			defaultConfigurationName = Release;
		};
		3852F518281C260100D869FC /* Build configuration list for PBXNativeTarget "TimeInWordsClipUITests" */ = {
			isa = XCConfigurationList;
			buildConfigurations = (
				3852F519281C260100D869FC /* Debug */,
				3852F51A281C260100D869FC /* Release */,
			);
			defaultConfigurationIsVisible = 0;
			defaultConfigurationName = Release;
		};
		F8B1347227D74E8600BE6503 /* Build configuration list for PBXProject "WordClock" */ = {
			isa = XCConfigurationList;
			buildConfigurations = (
				F8B1349927D74E8900BE6503 /* Debug */,
				F8B1349A27D74E8900BE6503 /* Release */,
			);
			defaultConfigurationIsVisible = 0;
			defaultConfigurationName = Release;
		};
		F8B1349B27D74E8900BE6503 /* Build configuration list for PBXNativeTarget "WordClock" */ = {
			isa = XCConfigurationList;
			buildConfigurations = (
				F8B1349C27D74E8900BE6503 /* Debug */,
				F8B1349D27D74E8900BE6503 /* Release */,
			);
			defaultConfigurationIsVisible = 0;
			defaultConfigurationName = Release;
		};
		F8B1349E27D74E8900BE6503 /* Build configuration list for PBXNativeTarget "WordClockTests" */ = {
			isa = XCConfigurationList;
			buildConfigurations = (
				F8B1349F27D74E8900BE6503 /* Debug */,
				F8B134A027D74E8900BE6503 /* Release */,
			);
			defaultConfigurationIsVisible = 0;
			defaultConfigurationName = Release;
		};
		F8B134A127D74E8900BE6503 /* Build configuration list for PBXNativeTarget "WordClockUITests" */ = {
			isa = XCConfigurationList;
			buildConfigurations = (
				F8B134A227D74E8900BE6503 /* Debug */,
				F8B134A327D74E8900BE6503 /* Release */,
			);
			defaultConfigurationIsVisible = 0;
			defaultConfigurationName = Release;
		};
/* End XCConfigurationList section */

/* Begin XCRemoteSwiftPackageReference section */
		38ADDE9E2818768E00DD1940 /* XCRemoteSwiftPackageReference "TimeInWords" */ = {
			isa = XCRemoteSwiftPackageReference;
			repositoryURL = "https://github.com/jrBordet/TimeInWords";
			requirement = {
				kind = upToNextMajorVersion;
				minimumVersion = 0.0.4;
			};
		};
		F8B134A727D751A900BE6503 /* XCRemoteSwiftPackageReference "swift-composable-architecture" */ = {
			isa = XCRemoteSwiftPackageReference;
			repositoryURL = "https://github.com/pointfreeco/swift-composable-architecture";
			requirement = {
				kind = upToNextMajorVersion;
				minimumVersion = 0.33.1;
			};
		};
/* End XCRemoteSwiftPackageReference section */

/* Begin XCSwiftPackageProductDependency section */
		3852F51B281C2A1D00D869FC /* TimeInWordsFeature */ = {
			isa = XCSwiftPackageProductDependency;
			productName = TimeInWordsFeature;
		};
		3852F51D281C2A2400D869FC /* ComposableArchitecture */ = {
			isa = XCSwiftPackageProductDependency;
			package = F8B134A727D751A900BE6503 /* XCRemoteSwiftPackageReference "swift-composable-architecture" */;
			productName = ComposableArchitecture;
		};
		3852F51F281C2A2800D869FC /* TimeInWords */ = {
			isa = XCSwiftPackageProductDependency;
			package = 38ADDE9E2818768E00DD1940 /* XCRemoteSwiftPackageReference "TimeInWords" */;
			productName = TimeInWords;
		};
		38ADDE9F2818768E00DD1940 /* TimeInWords */ = {
			isa = XCSwiftPackageProductDependency;
			package = 38ADDE9E2818768E00DD1940 /* XCRemoteSwiftPackageReference "TimeInWords" */;
			productName = TimeInWords;
		};
		38ADDEA82819222300DD1940 /* TimeInWordsFeature */ = {
			isa = XCSwiftPackageProductDependency;
			productName = TimeInWordsFeature;
		};
		38F6FD3228266BE60096F3F3 /* TimeInWordsFeature */ = {
			isa = XCSwiftPackageProductDependency;
			productName = TimeInWordsFeature;
		};
		38F6FD3428266BEC0096F3F3 /* ComposableArchitecture */ = {
			isa = XCSwiftPackageProductDependency;
			package = F8B134A727D751A900BE6503 /* XCRemoteSwiftPackageReference "swift-composable-architecture" */;
			productName = ComposableArchitecture;
		};
		38F6FD3628266BF10096F3F3 /* TimeInWords */ = {
			isa = XCSwiftPackageProductDependency;
			package = 38ADDE9E2818768E00DD1940 /* XCRemoteSwiftPackageReference "TimeInWords" */;
			productName = TimeInWords;
		};
		38F6FD3828266DCF0096F3F3 /* TimeInWords */ = {
			isa = XCSwiftPackageProductDependency;
			package = 38ADDE9E2818768E00DD1940 /* XCRemoteSwiftPackageReference "TimeInWords" */;
			productName = TimeInWords;
		};
		38F6FD3A282671270096F3F3 /* TimeInWordsFeature */ = {
			isa = XCSwiftPackageProductDependency;
			productName = TimeInWordsFeature;
		};
		38F6FD3C2826712D0096F3F3 /* ComposableArchitecture */ = {
			isa = XCSwiftPackageProductDependency;
			package = F8B134A727D751A900BE6503 /* XCRemoteSwiftPackageReference "swift-composable-architecture" */;
			productName = ComposableArchitecture;
		};
		F8B134A827D751A900BE6503 /* ComposableArchitecture */ = {
			isa = XCSwiftPackageProductDependency;
			package = F8B134A727D751A900BE6503 /* XCRemoteSwiftPackageReference "swift-composable-architecture" */;
			productName = ComposableArchitecture;
		};
/* End XCSwiftPackageProductDependency section */
	};
	rootObject = F8B1346F27D74E8600BE6503 /* Project object */;
}
