// !$*UTF8*$!
{
	archiveVersion = 1;
	classes = {
	};
	objectVersion = 55;
	objects = {

/* Begin PBXBuildFile section */
		F8B1347B27D74E8600BE6503 /* WordClockApp.swift in Sources */ = {isa = PBXBuildFile; fileRef = F8B1347A27D74E8600BE6503 /* WordClockApp.swift */; };
		F8B1347D27D74E8600BE6503 /* ContentView.swift in Sources */ = {isa = PBXBuildFile; fileRef = F8B1347C27D74E8600BE6503 /* ContentView.swift */; };
		F8B1347F27D74E8800BE6503 /* Assets.xcassets in Resources */ = {isa = PBXBuildFile; fileRef = F8B1347E27D74E8800BE6503 /* Assets.xcassets */; };
		F8B1348227D74E8800BE6503 /* Preview Assets.xcassets in Resources */ = {isa = PBXBuildFile; fileRef = F8B1348127D74E8800BE6503 /* Preview Assets.xcassets */; };
		F8B1348C27D74E8900BE6503 /* WordClockTests.swift in Sources */ = {isa = PBXBuildFile; fileRef = F8B1348B27D74E8900BE6503 /* WordClockTests.swift */; };
		F8B1349627D74E8900BE6503 /* WordClockUITests.swift in Sources */ = {isa = PBXBuildFile; fileRef = F8B1349527D74E8900BE6503 /* WordClockUITests.swift */; };
		F8B1349827D74E8900BE6503 /* WordClockUITestsLaunchTests.swift in Sources */ = {isa = PBXBuildFile; fileRef = F8B1349727D74E8900BE6503 /* WordClockUITestsLaunchTests.swift */; };
		F8B134A627D74EBD00BE6503 /* TimeInWords in Frameworks */ = {isa = PBXBuildFile; productRef = F8B134A527D74EBD00BE6503 /* TimeInWords */; };
		F8B134A927D751A900BE6503 /* ComposableArchitecture in Frameworks */ = {isa = PBXBuildFile; productRef = F8B134A827D751A900BE6503 /* ComposableArchitecture */; };
		F8B134AC27D75E3900BE6503 /* Utils+.swift in Sources */ = {isa = PBXBuildFile; fileRef = F8B134AB27D75E3900BE6503 /* Utils+.swift */; };
/* End PBXBuildFile section */

/* Begin PBXContainerItemProxy section */
		F8B1348827D74E8900BE6503 /* PBXContainerItemProxy */ = {
			isa = PBXContainerItemProxy;
			containerPortal = F8B1346F27D74E8600BE6503 /* Project object */;
			proxyType = 1;
			remoteGlobalIDString = F8B1347627D74E8600BE6503;
			remoteInfo = WordClock;
		};
		F8B1349227D74E8900BE6503 /* PBXContainerItemProxy */ = {
			isa = PBXContainerItemProxy;
			containerPortal = F8B1346F27D74E8600BE6503 /* Project object */;
			proxyType = 1;
			remoteGlobalIDString = F8B1347627D74E8600BE6503;
			remoteInfo = WordClock;
		};
/* End PBXContainerItemProxy section */

/* Begin PBXFileReference section */
		F8B1347727D74E8600BE6503 /* WordClock.app */ = {isa = PBXFileReference; explicitFileType = wrapper.application; includeInIndex = 0; path = WordClock.app; sourceTree = BUILT_PRODUCTS_DIR; };
		F8B1347A27D74E8600BE6503 /* WordClockApp.swift */ = {isa = PBXFileReference; lastKnownFileType = sourcecode.swift; path = WordClockApp.swift; sourceTree = "<group>"; };
		F8B1347C27D74E8600BE6503 /* ContentView.swift */ = {isa = PBXFileReference; lastKnownFileType = sourcecode.swift; path = ContentView.swift; sourceTree = "<group>"; };
		F8B1347E27D74E8800BE6503 /* Assets.xcassets */ = {isa = PBXFileReference; lastKnownFileType = folder.assetcatalog; path = Assets.xcassets; sourceTree = "<group>"; };
		F8B1348127D74E8800BE6503 /* Preview Assets.xcassets */ = {isa = PBXFileReference; lastKnownFileType = folder.assetcatalog; path = "Preview Assets.xcassets"; sourceTree = "<group>"; };
		F8B1348727D74E8900BE6503 /* WordClockTests.xctest */ = {isa = PBXFileReference; explicitFileType = wrapper.cfbundle; includeInIndex = 0; path = WordClockTests.xctest; sourceTree = BUILT_PRODUCTS_DIR; };
		F8B1348B27D74E8900BE6503 /* WordClockTests.swift */ = {isa = PBXFileReference; lastKnownFileType = sourcecode.swift; path = WordClockTests.swift; sourceTree = "<group>"; };
		F8B1349127D74E8900BE6503 /* WordClockUITests.xctest */ = {isa = PBXFileReference; explicitFileType = wrapper.cfbundle; includeInIndex = 0; path = WordClockUITests.xctest; sourceTree = BUILT_PRODUCTS_DIR; };
		F8B1349527D74E8900BE6503 /* WordClockUITests.swift */ = {isa = PBXFileReference; lastKnownFileType = sourcecode.swift; path = WordClockUITests.swift; sourceTree = "<group>"; };
		F8B1349727D74E8900BE6503 /* WordClockUITestsLaunchTests.swift */ = {isa = PBXFileReference; lastKnownFileType = sourcecode.swift; path = WordClockUITestsLaunchTests.swift; sourceTree = "<group>"; };
		F8B134AA27D75B9F00BE6503 /* WordClock.playground */ = {isa = PBXFileReference; lastKnownFileType = file.playground; path = WordClock.playground; sourceTree = "<group>"; xcLanguageSpecificationIdentifier = xcode.lang.swift; };
		F8B134AB27D75E3900BE6503 /* Utils+.swift */ = {isa = PBXFileReference; lastKnownFileType = sourcecode.swift; path = "Utils+.swift"; sourceTree = "<group>"; };
/* End PBXFileReference section */

/* Begin PBXFrameworksBuildPhase section */
		F8B1347427D74E8600BE6503 /* Frameworks */ = {
			isa = PBXFrameworksBuildPhase;
			buildActionMask = 2147483647;
			files = (
				F8B134A927D751A900BE6503 /* ComposableArchitecture in Frameworks */,
				F8B134A627D74EBD00BE6503 /* TimeInWords in Frameworks */,
			);
			runOnlyForDeploymentPostprocessing = 0;
		};
		F8B1348427D74E8900BE6503 /* Frameworks */ = {
			isa = PBXFrameworksBuildPhase;
			buildActionMask = 2147483647;
			files = (
			);
			runOnlyForDeploymentPostprocessing = 0;
		};
		F8B1348E27D74E8900BE6503 /* Frameworks */ = {
			isa = PBXFrameworksBuildPhase;
			buildActionMask = 2147483647;
			files = (
			);
			runOnlyForDeploymentPostprocessing = 0;
		};
/* End PBXFrameworksBuildPhase section */

/* Begin PBXGroup section */
		F8B1346E27D74E8600BE6503 = {
			isa = PBXGroup;
			children = (
				F8B134AA27D75B9F00BE6503 /* WordClock.playground */,
				F8B1347927D74E8600BE6503 /* WordClock */,
				F8B1348A27D74E8900BE6503 /* WordClockTests */,
				F8B1349427D74E8900BE6503 /* WordClockUITests */,
				F8B1347827D74E8600BE6503 /* Products */,
			);
			sourceTree = "<group>";
		};
		F8B1347827D74E8600BE6503 /* Products */ = {
			isa = PBXGroup;
			children = (
				F8B1347727D74E8600BE6503 /* WordClock.app */,
				F8B1348727D74E8900BE6503 /* WordClockTests.xctest */,
				F8B1349127D74E8900BE6503 /* WordClockUITests.xctest */,
			);
			name = Products;
			sourceTree = "<group>";
		};
		F8B1347927D74E8600BE6503 /* WordClock */ = {
			isa = PBXGroup;
			children = (
				F8B1347A27D74E8600BE6503 /* WordClockApp.swift */,
				F8B1347C27D74E8600BE6503 /* ContentView.swift */,
				F8B134AB27D75E3900BE6503 /* Utils+.swift */,
				F8B1347E27D74E8800BE6503 /* Assets.xcassets */,
				F8B1348027D74E8800BE6503 /* Preview Content */,
			);
			path = WordClock;
			sourceTree = "<group>";
		};
		F8B1348027D74E8800BE6503 /* Preview Content */ = {
			isa = PBXGroup;
			children = (
				F8B1348127D74E8800BE6503 /* Preview Assets.xcassets */,
			);
			path = "Preview Content";
			sourceTree = "<group>";
		};
		F8B1348A27D74E8900BE6503 /* WordClockTests */ = {
			isa = PBXGroup;
			children = (
				F8B1348B27D74E8900BE6503 /* WordClockTests.swift */,
			);
			path = WordClockTests;
			sourceTree = "<group>";
		};
		F8B1349427D74E8900BE6503 /* WordClockUITests */ = {
			isa = PBXGroup;
			children = (
				F8B1349527D74E8900BE6503 /* WordClockUITests.swift */,
				F8B1349727D74E8900BE6503 /* WordClockUITestsLaunchTests.swift */,
			);
			path = WordClockUITests;
			sourceTree = "<group>";
		};
/* End PBXGroup section */

/* Begin PBXNativeTarget section */
		F8B1347627D74E8600BE6503 /* WordClock */ = {
			isa = PBXNativeTarget;
			buildConfigurationList = F8B1349B27D74E8900BE6503 /* Build configuration list for PBXNativeTarget "WordClock" */;
			buildPhases = (
				F8B1347327D74E8600BE6503 /* Sources */,
				F8B1347427D74E8600BE6503 /* Frameworks */,
				F8B1347527D74E8600BE6503 /* Resources */,
			);
			buildRules = (
			);
			dependencies = (
			);
			name = WordClock;
			packageProductDependencies = (
				F8B134A527D74EBD00BE6503 /* TimeInWords */,
				F8B134A827D751A900BE6503 /* ComposableArchitecture */,
			);
			productName = WordClock;
			productReference = F8B1347727D74E8600BE6503 /* WordClock.app */;
			productType = "com.apple.product-type.application";
		};
		F8B1348627D74E8900BE6503 /* WordClockTests */ = {
			isa = PBXNativeTarget;
			buildConfigurationList = F8B1349E27D74E8900BE6503 /* Build configuration list for PBXNativeTarget "WordClockTests" */;
			buildPhases = (
				F8B1348327D74E8900BE6503 /* Sources */,
				F8B1348427D74E8900BE6503 /* Frameworks */,
				F8B1348527D74E8900BE6503 /* Resources */,
			);
			buildRules = (
			);
			dependencies = (
				F8B1348927D74E8900BE6503 /* PBXTargetDependency */,
			);
			name = WordClockTests;
			productName = WordClockTests;
			productReference = F8B1348727D74E8900BE6503 /* WordClockTests.xctest */;
			productType = "com.apple.product-type.bundle.unit-test";
		};
		F8B1349027D74E8900BE6503 /* WordClockUITests */ = {
			isa = PBXNativeTarget;
			buildConfigurationList = F8B134A127D74E8900BE6503 /* Build configuration list for PBXNativeTarget "WordClockUITests" */;
			buildPhases = (
				F8B1348D27D74E8900BE6503 /* Sources */,
				F8B1348E27D74E8900BE6503 /* Frameworks */,
				F8B1348F27D74E8900BE6503 /* Resources */,
			);
			buildRules = (
			);
			dependencies = (
				F8B1349327D74E8900BE6503 /* PBXTargetDependency */,
			);
			name = WordClockUITests;
			productName = WordClockUITests;
			productReference = F8B1349127D74E8900BE6503 /* WordClockUITests.xctest */;
			productType = "com.apple.product-type.bundle.ui-testing";
		};
/* End PBXNativeTarget section */

/* Begin PBXProject section */
		F8B1346F27D74E8600BE6503 /* Project object */ = {
			isa = PBXProject;
			attributes = {
				BuildIndependentTargetsInParallel = 1;
				LastSwiftUpdateCheck = 1320;
				LastUpgradeCheck = 1320;
				TargetAttributes = {
					F8B1347627D74E8600BE6503 = {
						CreatedOnToolsVersion = 13.2.1;
					};
					F8B1348627D74E8900BE6503 = {
						CreatedOnToolsVersion = 13.2.1;
						TestTargetID = F8B1347627D74E8600BE6503;
					};
					F8B1349027D74E8900BE6503 = {
						CreatedOnToolsVersion = 13.2.1;
						TestTargetID = F8B1347627D74E8600BE6503;
					};
				};
			};
			buildConfigurationList = F8B1347227D74E8600BE6503 /* Build configuration list for PBXProject "WordClock" */;
			compatibilityVersion = "Xcode 13.0";
			developmentRegion = en;
			hasScannedForEncodings = 0;
			knownRegions = (
				en,
				Base,
			);
			mainGroup = F8B1346E27D74E8600BE6503;
			packageReferences = (
				F8B134A427D74EBD00BE6503 /* XCRemoteSwiftPackageReference "TimeInWords" */,
				F8B134A727D751A900BE6503 /* XCRemoteSwiftPackageReference "swift-composable-architecture" */,
			);
			productRefGroup = F8B1347827D74E8600BE6503 /* Products */;
			projectDirPath = "";
			projectRoot = "";
			targets = (
				F8B1347627D74E8600BE6503 /* WordClock */,
				F8B1348627D74E8900BE6503 /* WordClockTests */,
				F8B1349027D74E8900BE6503 /* WordClockUITests */,
			);
		};
/* End PBXProject section */

/* Begin PBXResourcesBuildPhase section */
		F8B1347527D74E8600BE6503 /* Resources */ = {
			isa = PBXResourcesBuildPhase;
			buildActionMask = 2147483647;
			files = (
				F8B1348227D74E8800BE6503 /* Preview Assets.xcassets in Resources */,
				F8B1347F27D74E8800BE6503 /* Assets.xcassets in Resources */,
			);
			runOnlyForDeploymentPostprocessing = 0;
		};
		F8B1348527D74E8900BE6503 /* Resources */ = {
			isa = PBXResourcesBuildPhase;
			buildActionMask = 2147483647;
			files = (
			);
			runOnlyForDeploymentPostprocessing = 0;
		};
		F8B1348F27D74E8900BE6503 /* Resources */ = {
			isa = PBXResourcesBuildPhase;
			buildActionMask = 2147483647;
			files = (
			);
			runOnlyForDeploymentPostprocessing = 0;
		};
/* End PBXResourcesBuildPhase section */

/* Begin PBXSourcesBuildPhase section */
		F8B1347327D74E8600BE6503 /* Sources */ = {
			isa = PBXSourcesBuildPhase;
			buildActionMask = 2147483647;
			files = (
				F8B134AC27D75E3900BE6503 /* Utils+.swift in Sources */,
				F8B1347D27D74E8600BE6503 /* ContentView.swift in Sources */,
				F8B1347B27D74E8600BE6503 /* WordClockApp.swift in Sources */,
			);
			runOnlyForDeploymentPostprocessing = 0;
		};
		F8B1348327D74E8900BE6503 /* Sources */ = {
			isa = PBXSourcesBuildPhase;
			buildActionMask = 2147483647;
			files = (
				F8B1348C27D74E8900BE6503 /* WordClockTests.swift in Sources */,
			);
			runOnlyForDeploymentPostprocessing = 0;
		};
		F8B1348D27D74E8900BE6503 /* Sources */ = {
			isa = PBXSourcesBuildPhase;
			buildActionMask = 2147483647;
			files = (
				F8B1349627D74E8900BE6503 /* WordClockUITests.swift in Sources */,
				F8B1349827D74E8900BE6503 /* WordClockUITestsLaunchTests.swift in Sources */,
			);
			runOnlyForDeploymentPostprocessing = 0;
		};
/* End PBXSourcesBuildPhase section */

/* Begin PBXTargetDependency section */
		F8B1348927D74E8900BE6503 /* PBXTargetDependency */ = {
			isa = PBXTargetDependency;
			target = F8B1347627D74E8600BE6503 /* WordClock */;
			targetProxy = F8B1348827D74E8900BE6503 /* PBXContainerItemProxy */;
		};
		F8B1349327D74E8900BE6503 /* PBXTargetDependency */ = {
			isa = PBXTargetDependency;
			target = F8B1347627D74E8600BE6503 /* WordClock */;
			targetProxy = F8B1349227D74E8900BE6503 /* PBXContainerItemProxy */;
		};
/* End PBXTargetDependency section */

/* Begin XCBuildConfiguration section */
		F8B1349927D74E8900BE6503 /* Debug */ = {
			isa = XCBuildConfiguration;
			buildSettings = {
				ALWAYS_SEARCH_USER_PATHS = NO;
				CLANG_ANALYZER_NONNULL = YES;
				CLANG_ANALYZER_NUMBER_OBJECT_CONVERSION = YES_AGGRESSIVE;
				CLANG_CXX_LANGUAGE_STANDARD = "gnu++17";
				CLANG_CXX_LIBRARY = "libc++";
				CLANG_ENABLE_MODULES = YES;
				CLANG_ENABLE_OBJC_ARC = YES;
				CLANG_ENABLE_OBJC_WEAK = YES;
				CLANG_WARN_BLOCK_CAPTURE_AUTORELEASING = YES;
				CLANG_WARN_BOOL_CONVERSION = YES;
				CLANG_WARN_COMMA = YES;
				CLANG_WARN_CONSTANT_CONVERSION = YES;
				CLANG_WARN_DEPRECATED_OBJC_IMPLEMENTATIONS = YES;
				CLANG_WARN_DIRECT_OBJC_ISA_USAGE = YES_ERROR;
				CLANG_WARN_DOCUMENTATION_COMMENTS = YES;
				CLANG_WARN_EMPTY_BODY = YES;
				CLANG_WARN_ENUM_CONVERSION = YES;
				CLANG_WARN_INFINITE_RECURSION = YES;
				CLANG_WARN_INT_CONVERSION = YES;
				CLANG_WARN_NON_LITERAL_NULL_CONVERSION = YES;
				CLANG_WARN_OBJC_IMPLICIT_RETAIN_SELF = YES;
				CLANG_WARN_OBJC_LITERAL_CONVERSION = YES;
				CLANG_WARN_OBJC_ROOT_CLASS = YES_ERROR;
				CLANG_WARN_QUOTED_INCLUDE_IN_FRAMEWORK_HEADER = YES;
				CLANG_WARN_RANGE_LOOP_ANALYSIS = YES;
				CLANG_WARN_STRICT_PROTOTYPES = YES;
				CLANG_WARN_SUSPICIOUS_MOVE = YES;
				CLANG_WARN_UNGUARDED_AVAILABILITY = YES_AGGRESSIVE;
				CLANG_WARN_UNREACHABLE_CODE = YES;
				CLANG_WARN__DUPLICATE_METHOD_MATCH = YES;
				COPY_PHASE_STRIP = NO;
				DEBUG_INFORMATION_FORMAT = dwarf;
				ENABLE_STRICT_OBJC_MSGSEND = YES;
				ENABLE_TESTABILITY = YES;
				GCC_C_LANGUAGE_STANDARD = gnu11;
				GCC_DYNAMIC_NO_PIC = NO;
				GCC_NO_COMMON_BLOCKS = YES;
				GCC_OPTIMIZATION_LEVEL = 0;
				GCC_PREPROCESSOR_DEFINITIONS = (
					"DEBUG=1",
					"$(inherited)",
				);
				GCC_WARN_64_TO_32_BIT_CONVERSION = YES;
				GCC_WARN_ABOUT_RETURN_TYPE = YES_ERROR;
				GCC_WARN_UNDECLARED_SELECTOR = YES;
				GCC_WARN_UNINITIALIZED_AUTOS = YES_AGGRESSIVE;
				GCC_WARN_UNUSED_FUNCTION = YES;
				GCC_WARN_UNUSED_VARIABLE = YES;
				IPHONEOS_DEPLOYMENT_TARGET = 15.2;
				MTL_ENABLE_DEBUG_INFO = INCLUDE_SOURCE;
				MTL_FAST_MATH = YES;
				ONLY_ACTIVE_ARCH = YES;
				SDKROOT = iphoneos;
				SWIFT_ACTIVE_COMPILATION_CONDITIONS = DEBUG;
				SWIFT_OPTIMIZATION_LEVEL = "-Onone";
			};
			name = Debug;
		};
		F8B1349A27D74E8900BE6503 /* Release */ = {
			isa = XCBuildConfiguration;
			buildSettings = {
				ALWAYS_SEARCH_USER_PATHS = NO;
				CLANG_ANALYZER_NONNULL = YES;
				CLANG_ANALYZER_NUMBER_OBJECT_CONVERSION = YES_AGGRESSIVE;
				CLANG_CXX_LANGUAGE_STANDARD = "gnu++17";
				CLANG_CXX_LIBRARY = "libc++";
				CLANG_ENABLE_MODULES = YES;
				CLANG_ENABLE_OBJC_ARC = YES;
				CLANG_ENABLE_OBJC_WEAK = YES;
				CLANG_WARN_BLOCK_CAPTURE_AUTORELEASING = YES;
				CLANG_WARN_BOOL_CONVERSION = YES;
				CLANG_WARN_COMMA = YES;
				CLANG_WARN_CONSTANT_CONVERSION = YES;
				CLANG_WARN_DEPRECATED_OBJC_IMPLEMENTATIONS = YES;
				CLANG_WARN_DIRECT_OBJC_ISA_USAGE = YES_ERROR;
				CLANG_WARN_DOCUMENTATION_COMMENTS = YES;
				CLANG_WARN_EMPTY_BODY = YES;
				CLANG_WARN_ENUM_CONVERSION = YES;
				CLANG_WARN_INFINITE_RECURSION = YES;
				CLANG_WARN_INT_CONVERSION = YES;
				CLANG_WARN_NON_LITERAL_NULL_CONVERSION = YES;
				CLANG_WARN_OBJC_IMPLICIT_RETAIN_SELF = YES;
				CLANG_WARN_OBJC_LITERAL_CONVERSION = YES;
				CLANG_WARN_OBJC_ROOT_CLASS = YES_ERROR;
				CLANG_WARN_QUOTED_INCLUDE_IN_FRAMEWORK_HEADER = YES;
				CLANG_WARN_RANGE_LOOP_ANALYSIS = YES;
				CLANG_WARN_STRICT_PROTOTYPES = YES;
				CLANG_WARN_SUSPICIOUS_MOVE = YES;
				CLANG_WARN_UNGUARDED_AVAILABILITY = YES_AGGRESSIVE;
				CLANG_WARN_UNREACHABLE_CODE = YES;
				CLANG_WARN__DUPLICATE_METHOD_MATCH = YES;
				COPY_PHASE_STRIP = NO;
				DEBUG_INFORMATION_FORMAT = "dwarf-with-dsym";
				ENABLE_NS_ASSERTIONS = NO;
				ENABLE_STRICT_OBJC_MSGSEND = YES;
				GCC_C_LANGUAGE_STANDARD = gnu11;
				GCC_NO_COMMON_BLOCKS = YES;
				GCC_WARN_64_TO_32_BIT_CONVERSION = YES;
				GCC_WARN_ABOUT_RETURN_TYPE = YES_ERROR;
				GCC_WARN_UNDECLARED_SELECTOR = YES;
				GCC_WARN_UNINITIALIZED_AUTOS = YES_AGGRESSIVE;
				GCC_WARN_UNUSED_FUNCTION = YES;
				GCC_WARN_UNUSED_VARIABLE = YES;
				IPHONEOS_DEPLOYMENT_TARGET = 15.2;
				MTL_ENABLE_DEBUG_INFO = NO;
				MTL_FAST_MATH = YES;
				SDKROOT = iphoneos;
				SWIFT_COMPILATION_MODE = wholemodule;
				SWIFT_OPTIMIZATION_LEVEL = "-O";
				VALIDATE_PRODUCT = YES;
			};
			name = Release;
		};
		F8B1349C27D74E8900BE6503 /* Debug */ = {
			isa = XCBuildConfiguration;
			buildSettings = {
				ASSETCATALOG_COMPILER_APPICON_NAME = AppIcon;
				ASSETCATALOG_COMPILER_GLOBAL_ACCENT_COLOR_NAME = AccentColor;
				CODE_SIGN_STYLE = Automatic;
				CURRENT_PROJECT_VERSION = 1;
				DEVELOPMENT_ASSET_PATHS = "\"WordClock/Preview Content\"";
				DEVELOPMENT_TEAM = XP6P798NUV;
				ENABLE_PREVIEWS = YES;
				GENERATE_INFOPLIST_FILE = YES;
				INFOPLIST_KEY_UIApplicationSceneManifest_Generation = YES;
				INFOPLIST_KEY_UIApplicationSupportsIndirectInputEvents = YES;
				INFOPLIST_KEY_UILaunchScreen_Generation = YES;
				INFOPLIST_KEY_UISupportedInterfaceOrientations_iPad = "UIInterfaceOrientationPortrait UIInterfaceOrientationPortraitUpsideDown UIInterfaceOrientationLandscapeLeft UIInterfaceOrientationLandscapeRight";
				INFOPLIST_KEY_UISupportedInterfaceOrientations_iPhone = "UIInterfaceOrientationPortrait UIInterfaceOrientationLandscapeLeft UIInterfaceOrientationLandscapeRight";
				LD_RUNPATH_SEARCH_PATHS = (
					"$(inherited)",
					"@executable_path/Frameworks",
				);
				MARKETING_VERSION = 1.0;
				PRODUCT_BUNDLE_IDENTIFIER = com.jrbordet.WordClock;
				PRODUCT_NAME = "$(TARGET_NAME)";
				SWIFT_EMIT_LOC_STRINGS = YES;
				SWIFT_VERSION = 5.0;
				TARGETED_DEVICE_FAMILY = "1,2";
			};
			name = Debug;
		};
		F8B1349D27D74E8900BE6503 /* Release */ = {
			isa = XCBuildConfiguration;
			buildSettings = {
				ASSETCATALOG_COMPILER_APPICON_NAME = AppIcon;
				ASSETCATALOG_COMPILER_GLOBAL_ACCENT_COLOR_NAME = AccentColor;
				CODE_SIGN_STYLE = Automatic;
				CURRENT_PROJECT_VERSION = 1;
				DEVELOPMENT_ASSET_PATHS = "\"WordClock/Preview Content\"";
				DEVELOPMENT_TEAM = XP6P798NUV;
				ENABLE_PREVIEWS = YES;
				GENERATE_INFOPLIST_FILE = YES;
				INFOPLIST_KEY_UIApplicationSceneManifest_Generation = YES;
				INFOPLIST_KEY_UIApplicationSupportsIndirectInputEvents = YES;
				INFOPLIST_KEY_UILaunchScreen_Generation = YES;
				INFOPLIST_KEY_UISupportedInterfaceOrientations_iPad = "UIInterfaceOrientationPortrait UIInterfaceOrientationPortraitUpsideDown UIInterfaceOrientationLandscapeLeft UIInterfaceOrientationLandscapeRight";
				INFOPLIST_KEY_UISupportedInterfaceOrientations_iPhone = "UIInterfaceOrientationPortrait UIInterfaceOrientationLandscapeLeft UIInterfaceOrientationLandscapeRight";
				LD_RUNPATH_SEARCH_PATHS = (
					"$(inherited)",
					"@executable_path/Frameworks",
				);
				MARKETING_VERSION = 1.0;
				PRODUCT_BUNDLE_IDENTIFIER = com.jrbordet.WordClock;
				PRODUCT_NAME = "$(TARGET_NAME)";
				SWIFT_EMIT_LOC_STRINGS = YES;
				SWIFT_VERSION = 5.0;
				TARGETED_DEVICE_FAMILY = "1,2";
			};
			name = Release;
		};
		F8B1349F27D74E8900BE6503 /* Debug */ = {
			isa = XCBuildConfiguration;
			buildSettings = {
				ALWAYS_EMBED_SWIFT_STANDARD_LIBRARIES = YES;
				BUNDLE_LOADER = "$(TEST_HOST)";
				CODE_SIGN_STYLE = Automatic;
				CURRENT_PROJECT_VERSION = 1;
				DEVELOPMENT_TEAM = XP6P798NUV;
				GENERATE_INFOPLIST_FILE = YES;
				IPHONEOS_DEPLOYMENT_TARGET = 15.2;
				MARKETING_VERSION = 1.0;
				PRODUCT_BUNDLE_IDENTIFIER = com.jrbordet.WordClockTests;
				PRODUCT_NAME = "$(TARGET_NAME)";
				SWIFT_EMIT_LOC_STRINGS = NO;
				SWIFT_VERSION = 5.0;
				TARGETED_DEVICE_FAMILY = "1,2";
				TEST_HOST = "$(BUILT_PRODUCTS_DIR)/WordClock.app/WordClock";
			};
			name = Debug;
		};
		F8B134A027D74E8900BE6503 /* Release */ = {
			isa = XCBuildConfiguration;
			buildSettings = {
				ALWAYS_EMBED_SWIFT_STANDARD_LIBRARIES = YES;
				BUNDLE_LOADER = "$(TEST_HOST)";
				CODE_SIGN_STYLE = Automatic;
				CURRENT_PROJECT_VERSION = 1;
				DEVELOPMENT_TEAM = XP6P798NUV;
				GENERATE_INFOPLIST_FILE = YES;
				IPHONEOS_DEPLOYMENT_TARGET = 15.2;
				MARKETING_VERSION = 1.0;
				PRODUCT_BUNDLE_IDENTIFIER = com.jrbordet.WordClockTests;
				PRODUCT_NAME = "$(TARGET_NAME)";
				SWIFT_EMIT_LOC_STRINGS = NO;
				SWIFT_VERSION = 5.0;
				TARGETED_DEVICE_FAMILY = "1,2";
				TEST_HOST = "$(BUILT_PRODUCTS_DIR)/WordClock.app/WordClock";
			};
			name = Release;
		};
		F8B134A227D74E8900BE6503 /* Debug */ = {
			isa = XCBuildConfiguration;
			buildSettings = {
				ALWAYS_EMBED_SWIFT_STANDARD_LIBRARIES = YES;
				CODE_SIGN_STYLE = Automatic;
				CURRENT_PROJECT_VERSION = 1;
				DEVELOPMENT_TEAM = XP6P798NUV;
				GENERATE_INFOPLIST_FILE = YES;
				MARKETING_VERSION = 1.0;
				PRODUCT_BUNDLE_IDENTIFIER = com.jrbordet.WordClockUITests;
				PRODUCT_NAME = "$(TARGET_NAME)";
				SWIFT_EMIT_LOC_STRINGS = NO;
				SWIFT_VERSION = 5.0;
				TARGETED_DEVICE_FAMILY = "1,2";
				TEST_TARGET_NAME = WordClock;
			};
			name = Debug;
		};
		F8B134A327D74E8900BE6503 /* Release */ = {
			isa = XCBuildConfiguration;
			buildSettings = {
				ALWAYS_EMBED_SWIFT_STANDARD_LIBRARIES = YES;
				CODE_SIGN_STYLE = Automatic;
				CURRENT_PROJECT_VERSION = 1;
				DEVELOPMENT_TEAM = XP6P798NUV;
				GENERATE_INFOPLIST_FILE = YES;
				MARKETING_VERSION = 1.0;
				PRODUCT_BUNDLE_IDENTIFIER = com.jrbordet.WordClockUITests;
				PRODUCT_NAME = "$(TARGET_NAME)";
				SWIFT_EMIT_LOC_STRINGS = NO;
				SWIFT_VERSION = 5.0;
				TARGETED_DEVICE_FAMILY = "1,2";
				TEST_TARGET_NAME = WordClock;
			};
			name = Release;
		};
/* End XCBuildConfiguration section */

/* Begin XCConfigurationList section */
		F8B1347227D74E8600BE6503 /* Build configuration list for PBXProject "WordClock" */ = {
			isa = XCConfigurationList;
			buildConfigurations = (
				F8B1349927D74E8900BE6503 /* Debug */,
				F8B1349A27D74E8900BE6503 /* Release */,
			);
			defaultConfigurationIsVisible = 0;
			defaultConfigurationName = Release;
		};
		F8B1349B27D74E8900BE6503 /* Build configuration list for PBXNativeTarget "WordClock" */ = {
			isa = XCConfigurationList;
			buildConfigurations = (
				F8B1349C27D74E8900BE6503 /* Debug */,
				F8B1349D27D74E8900BE6503 /* Release */,
			);
			defaultConfigurationIsVisible = 0;
			defaultConfigurationName = Release;
		};
		F8B1349E27D74E8900BE6503 /* Build configuration list for PBXNativeTarget "WordClockTests" */ = {
			isa = XCConfigurationList;
			buildConfigurations = (
				F8B1349F27D74E8900BE6503 /* Debug */,
				F8B134A027D74E8900BE6503 /* Release */,
			);
			defaultConfigurationIsVisible = 0;
			defaultConfigurationName = Release;
		};
		F8B134A127D74E8900BE6503 /* Build configuration list for PBXNativeTarget "WordClockUITests" */ = {
			isa = XCConfigurationList;
			buildConfigurations = (
				F8B134A227D74E8900BE6503 /* Debug */,
				F8B134A327D74E8900BE6503 /* Release */,
			);
			defaultConfigurationIsVisible = 0;
			defaultConfigurationName = Release;
		};
/* End XCConfigurationList section */

/* Begin XCRemoteSwiftPackageReference section */
		F8B134A427D74EBD00BE6503 /* XCRemoteSwiftPackageReference "TimeInWords" */ = {
			isa = XCRemoteSwiftPackageReference;
			repositoryURL = "https://github.com/jrBordet/TimeInWords.git";
			requirement = {
				branch = master;
				kind = branch;
			};
		};
		F8B134A727D751A900BE6503 /* XCRemoteSwiftPackageReference "swift-composable-architecture" */ = {
			isa = XCRemoteSwiftPackageReference;
			repositoryURL = "https://github.com/pointfreeco/swift-composable-architecture";
			requirement = {
				kind = upToNextMajorVersion;
				minimumVersion = 0.33.1;
			};
		};
/* End XCRemoteSwiftPackageReference section */

/* Begin XCSwiftPackageProductDependency section */
		F8B134A527D74EBD00BE6503 /* TimeInWords */ = {
			isa = XCSwiftPackageProductDependency;
			package = F8B134A427D74EBD00BE6503 /* XCRemoteSwiftPackageReference "TimeInWords" */;
			productName = TimeInWords;
		};
		F8B134A827D751A900BE6503 /* ComposableArchitecture */ = {
			isa = XCSwiftPackageProductDependency;
			package = F8B134A727D751A900BE6503 /* XCRemoteSwiftPackageReference "swift-composable-architecture" */;
			productName = ComposableArchitecture;
		};
/* End XCSwiftPackageProductDependency section */
	};
	rootObject = F8B1346F27D74E8600BE6503 /* Project object */;
}
